
Microsoft Visual Studio Solution File, Format Version 12.00
# Visual Studio Version 17
VisualStudioVersion = 17.0.31903.59
MinimumVisualStudioVersion = 10.0.40219.1
Project("{2150E333-8FDC-42A3-9474-1A3956D46DE8}") = "src", "src", "{827E0CD3-B72D-47B6-A68D-7590B98EB39B}"
EndProject
Project("{FAE04EC0-301F-11D3-BF4B-00C04F79EFBC}") = "Agriis.Api", "src\Agriis.Api\Agriis.Api.csproj", "{7A5E6675-7347-47F1-98F8-C8096D015224}"
EndProject
Project("{2150E333-8FDC-42A3-9474-1A3956D46DE8}") = "Agriis.Compartilhado", "Agriis.Compartilhado", "{2E7081C0-4C6E-7E49-CCD0-DBC421D01276}"
EndProject
Project("{FAE04EC0-301F-11D3-BF4B-00C04F79EFBC}") = "Agriis.Compartilhado.Dominio", "src\Agriis.Compartilhado\Agriis.Compartilhado.Dominio\Agriis.Compartilhado.Dominio.csproj", "{E13F36AB-4F2E-4FFC-9DBA-03E12BB13AE6}"
EndProject
Project("{FAE04EC0-301F-11D3-BF4B-00C04F79EFBC}") = "Agriis.Compartilhado.Aplicacao", "src\Agriis.Compartilhado\Agriis.Compartilhado.Aplicacao\Agriis.Compartilhado.Aplicacao.csproj", "{9955787F-3115-425D-B921-01EB49AABFE4}"
EndProject
Project("{FAE04EC0-301F-11D3-BF4B-00C04F79EFBC}") = "Agriis.Compartilhado.Infraestrutura", "src\Agriis.Compartilhado\Agriis.Compartilhado.Infraestrutura\Agriis.Compartilhado.Infraestrutura.csproj", "{48E3C29E-FBC2-41D8-B7FC-0ADD39B00EB0}"
EndProject
Project("{2150E333-8FDC-42A3-9474-1A3956D46DE8}") = "Modulos", "Modulos", "{F17D632A-DA7F-3D6C-82B6-3E89B9D07421}"
EndProject
Project("{2150E333-8FDC-42A3-9474-1A3956D46DE8}") = "Autenticacao", "Autenticacao", "{C6824BC8-BD5D-21EB-BD68-C55093095D4C}"
EndProject
Project("{FAE04EC0-301F-11D3-BF4B-00C04F79EFBC}") = "Agriis.Autenticacao.Dominio", "src\Modulos\Autenticacao\Agriis.Autenticacao.Dominio\Agriis.Autenticacao.Dominio.csproj", "{FC0C45B5-24A0-4158-8071-CB05C8F94FDE}"
EndProject
Project("{2150E333-8FDC-42A3-9474-1A3956D46DE8}") = "Produtores", "Produtores", "{2D30BC50-E162-C724-D146-2DE849C68D62}"
EndProject
Project("{FAE04EC0-301F-11D3-BF4B-00C04F79EFBC}") = "Agriis.Produtores.Dominio", "src\Modulos\Produtores\Agriis.Produtores.Dominio\Agriis.Produtores.Dominio.csproj", "{76C30676-CB96-4A52-8DBB-0493D932AC7F}"
EndProject
Project("{2150E333-8FDC-42A3-9474-1A3956D46DE8}") = "Fornecedores", "Fornecedores", "{9C1A2F02-3C4A-8B19-1F55-307C8C0EB750}"
EndProject
Project("{FAE04EC0-301F-11D3-BF4B-00C04F79EFBC}") = "Agriis.Fornecedores.Dominio", "src\Modulos\Fornecedores\Agriis.Fornecedores.Dominio\Agriis.Fornecedores.Dominio.csproj", "{670E339B-0920-4807-86C3-5B0487362A7A}"
EndProject
Project("{2150E333-8FDC-42A3-9474-1A3956D46DE8}") = "Pedidos", "Pedidos", "{CABDA183-59E9-B746-EE84-8B29C1DD3CC2}"
EndProject
Project("{FAE04EC0-301F-11D3-BF4B-00C04F79EFBC}") = "Agriis.Pedidos.Dominio", "src\Modulos\Pedidos\Agriis.Pedidos.Dominio\Agriis.Pedidos.Dominio.csproj", "{2736F8CD-ECA8-42CB-AD8E-4A8D65519DFA}"
EndProject
Project("{FAE04EC0-301F-11D3-BF4B-00C04F79EFBC}") = "Agriis.Pedidos.Aplicacao", "src\Modulos\Pedidos\Agriis.Pedidos.Aplicacao\Agriis.Pedidos.Aplicacao.csproj", "{A1B2C3D4-E5F6-7890-1234-567890ABCDEF}"
EndProject
Project("{FAE04EC0-301F-11D3-BF4B-00C04F79EFBC}") = "Agriis.Pedidos.Infraestrutura", "src\Modulos\Pedidos\Agriis.Pedidos.Infraestrutura\Agriis.Pedidos.Infraestrutura.csproj", "{AC49B73B-41EF-4A7E-8A46-6AFD1B0D1167}"
EndProject
Project("{FAE04EC0-301F-11D3-BF4B-00C04F79EFBC}") = "Agriis.Fornecedores.Aplicacao", "src\Modulos\Fornecedores\Agriis.Fornecedores.Aplicacao\Agriis.Fornecedores.Aplicacao.csproj", "{2155B2EC-3CB1-42E7-95A9-D314BC016BDC}"
EndProject
Project("{FAE04EC0-301F-11D3-BF4B-00C04F79EFBC}") = "Agriis.Fornecedores.Infraestrutura", "src\Modulos\Fornecedores\Agriis.Fornecedores.Infraestrutura\Agriis.Fornecedores.Infraestrutura.csproj", "{CBE9A8BC-A0DC-49A7-8E45-8BDC10D6D9DD}"
EndProject
Project("{2150E333-8FDC-42A3-9474-1A3956D46DE8}") = "PontosDistribuicao", "PontosDistribuicao", "{A1B2C3D4-E5F6-7890-ABCD-EF1234567890}"
EndProject
Project("{FAE04EC0-301F-11D3-BF4B-00C04F79EFBC}") = "Agriis.PontosDistribuicao.Dominio", "src\Modulos\PontosDistribuicao\Agriis.PontosDistribuicao.Dominio\Agriis.PontosDistribuicao.Dominio.csproj", "{7795ADAD-910E-7018-FAA8-A8D618669EF1}"
EndProject
Project("{FAE04EC0-301F-11D3-BF4B-00C04F79EFBC}") = "Agriis.PontosDistribuicao.Aplicacao", "src\Modulos\PontosDistribuicao\Agriis.PontosDistribuicao.Aplicacao\Agriis.PontosDistribuicao.Aplicacao.csproj", "{EF6EACCE-2C60-935F-83DD-392635462F48}"
EndProject
Project("{FAE04EC0-301F-11D3-BF4B-00C04F79EFBC}") = "Agriis.PontosDistribuicao.Infraestrutura", "src\Modulos\PontosDistribuicao\Agriis.PontosDistribuicao.Infraestrutura\Agriis.PontosDistribuicao.Infraestrutura.csproj", "{93F21F58-E017-7726-0A33-8BB6D83842ED}"
EndProject
Project("{2150E333-8FDC-42A3-9474-1A3956D46DE8}") = "Produtos", "Produtos", "{5E1B2099-9F71-853A-C7A3-81BADB31A7D4}"
EndProject
Project("{FAE04EC0-301F-11D3-BF4B-00C04F79EFBC}") = "Agriis.Produtos.Dominio", "src\Modulos\Produtos\Agriis.Produtos.Dominio\Agriis.Produtos.Dominio.csproj", "{2F0AD775-5CB2-4A22-BDF5-C68E74753A0D}"
EndProject
Project("{FAE04EC0-301F-11D3-BF4B-00C04F79EFBC}") = "Agriis.Produtos.Aplicacao", "src\Modulos\Produtos\Agriis.Produtos.Aplicacao\Agriis.Produtos.Aplicacao.csproj", "{41E39A39-E94D-4AAB-8500-DBD59F8C4953}"
EndProject
Project("{FAE04EC0-301F-11D3-BF4B-00C04F79EFBC}") = "Agriis.Produtos.Infraestrutura", "src\Modulos\Produtos\Agriis.Produtos.Infraestrutura\Agriis.Produtos.Infraestrutura.csproj", "{E4E44FD9-7048-4CD7-AB0F-AD72839D1130}"
EndProject
Project("{2150E333-8FDC-42A3-9474-1A3956D46DE8}") = "Safras", "Safras", "{0BBC4923-D19B-4985-668A-5937AB7F1B92}"
EndProject
Project("{FAE04EC0-301F-11D3-BF4B-00C04F79EFBC}") = "Agriis.Safras.Dominio", "src\Modulos\Safras\Agriis.Safras.Dominio\Agriis.Safras.Dominio.csproj", "{3C9C56E7-9C09-41B1-8998-2677159BB5D3}"
EndProject
Project("{FAE04EC0-301F-11D3-BF4B-00C04F79EFBC}") = "Agriis.Safras.Aplicacao", "src\Modulos\Safras\Agriis.Safras.Aplicacao\Agriis.Safras.Aplicacao.csproj", "{ECA4A2CD-AFA2-4179-8BB6-732290F093E0}"
EndProject
Project("{FAE04EC0-301F-11D3-BF4B-00C04F79EFBC}") = "Agriis.Safras.Infraestrutura", "src\Modulos\Safras\Agriis.Safras.Infraestrutura\Agriis.Safras.Infraestrutura.csproj", "{B883E5BC-F639-4EA9-81C3-E69149803606}"
EndProject
Project("{2150E333-8FDC-42A3-9474-1A3956D46DE8}") = "Catalogos", "Catalogos", "{144D2576-319E-BA34-EBD8-0BBD66AD51F8}"
EndProject
Project("{FAE04EC0-301F-11D3-BF4B-00C04F79EFBC}") = "Agriis.Catalogos.Dominio", "src\Modulos\Catalogos\Agriis.Catalogos.Dominio\Agriis.Catalogos.Dominio.csproj", "{F59860BD-6EDB-4B78-8983-3CE7194AFA15}"
EndProject
Project("{FAE04EC0-301F-11D3-BF4B-00C04F79EFBC}") = "Agriis.Catalogos.Aplicacao", "src\Modulos\Catalogos\Agriis.Catalogos.Aplicacao\Agriis.Catalogos.Aplicacao.csproj", "{0B781F9B-5CC4-4E57-8818-F706074F615B}"
EndProject
Project("{FAE04EC0-301F-11D3-BF4B-00C04F79EFBC}") = "Agriis.Catalogos.Infraestrutura", "src\Modulos\Catalogos\Agriis.Catalogos.Infraestrutura\Agriis.Catalogos.Infraestrutura.csproj", "{376419D0-81D0-46F0-A802-61F593F9BCC7}"
EndProject
Project("{2150E333-8FDC-42A3-9474-1A3956D46DE8}") = "Pagamentos", "Pagamentos", "{7A933E50-87F5-8D29-C085-97DBED399564}"
EndProject
Project("{FAE04EC0-301F-11D3-BF4B-00C04F79EFBC}") = "Agriis.Pagamentos.Dominio", "src\Modulos\Pagamentos\Agriis.Pagamentos.Dominio\Agriis.Pagamentos.Dominio.csproj", "{35542316-5689-4CF9-B146-269818971476}"
EndProject
Project("{FAE04EC0-301F-11D3-BF4B-00C04F79EFBC}") = "Agriis.Pagamentos.Aplicacao", "src\Modulos\Pagamentos\Agriis.Pagamentos.Aplicacao\Agriis.Pagamentos.Aplicacao.csproj", "{9CB78B82-7B2A-454C-9B54-11103089BBB8}"
EndProject
Project("{FAE04EC0-301F-11D3-BF4B-00C04F79EFBC}") = "Agriis.Pagamentos.Infraestrutura", "src\Modulos\Pagamentos\Agriis.Pagamentos.Infraestrutura\Agriis.Pagamentos.Infraestrutura.csproj", "{7382F5E7-0EC7-4EDD-B496-1A9E56FC8246}"
EndProject
Project("{FAE04EC0-301F-11D3-BF4B-00C04F79EFBC}") = "Agriis.Autenticacao.Aplicacao", "src\Modulos\Autenticacao\Agriis.Autenticacao.Aplicacao\Agriis.Autenticacao.Aplicacao.csproj", "{962E6361-BD90-9A18-96AE-6AD753207395}"
EndProject
Project("{FAE04EC0-301F-11D3-BF4B-00C04F79EFBC}") = "Agriis.Autenticacao.Infraestrutura", "src\Modulos\Autenticacao\Agriis.Autenticacao.Infraestrutura\Agriis.Autenticacao.Infraestrutura.csproj", "{463CC66E-B8BD-C5EA-A255-0A68F00670DC}"
EndProject
Project("{FAE04EC0-301F-11D3-BF4B-00C04F79EFBC}") = "Agriis.Produtores.Aplicacao", "src\Modulos\Produtores\Agriis.Produtores.Aplicacao\Agriis.Produtores.Aplicacao.csproj", "{40C6864B-4D36-3474-DBC4-7FBCDC4A900F}"
EndProject
Project("{FAE04EC0-301F-11D3-BF4B-00C04F79EFBC}") = "Agriis.Produtores.Infraestrutura", "src\Modulos\Produtores\Agriis.Produtores.Infraestrutura\Agriis.Produtores.Infraestrutura.csproj", "{26544D3B-3BD2-748E-5026-EBA57F2B27A0}"
EndProject
Project("{FAE04EC0-301F-11D3-BF4B-00C04F79EFBC}") = "Agriis.Tests.Shared", "tests\Agriis.Tests.Shared\Agriis.Tests.Shared.csproj", "{71B82C4B-16D5-2BA6-BC7E-463776147F3A}"
EndProject
Project("{2150E333-8FDC-42A3-9474-1A3956D46DE8}") = "Testes", "Testes", "{02EA681E-C7D8-13C7-8484-4AC65E1B71E8}"
EndProject
Project("{FAE04EC0-301F-11D3-BF4B-00C04F79EFBC}") = "Agriis.Tests.Integration", "tests\Agriis.Tests.Integration\Agriis.Tests.Integration.csproj", "{67B1A3C5-529B-4D72-C768-5D32727B8908}"
EndProject
Project("{FAE04EC0-301F-11D3-BF4B-00C04F79EFBC}") = "Agriis.Tests.Unit", "tests\Agriis.Tests.Unit\Agriis.Tests.Unit.csproj", "{5CC468AF-1E40-6EB1-4B9D-0A08756BF1AE}"
EndProject
Project("{FAE04EC0-301F-11D3-BF4B-00C04F79EFBC}") = "Agriis.Pedidos.Tests.Unit", "tests\Agriis.Pedidos.Tests.Unit\Agriis.Pedidos.Tests.Unit.csproj", "{232C552D-4517-BF4A-D04E-7557FC663290}"
EndProject
Project("{2150E333-8FDC-42A3-9474-1A3956D46DE8}") = "Segmentacoes", "Segmentacoes", "{02AD31EB-CB97-4C9A-B722-17E14D8594F0}"
EndProject
Project("{FAE04EC0-301F-11D3-BF4B-00C04F79EFBC}") = "Agriis.Segmentacoes.Dominio", "src\Modulos\Segmentacoes\Agriis.Segmentacoes.Dominio\Agriis.Segmentacoes.Dominio.csproj", "{D45F6E7F-CEBE-9F3C-17BD-2A4342776711}"
EndProject
Project("{FAE04EC0-301F-11D3-BF4B-00C04F79EFBC}") = "Agriis.Segmentacoes.Aplicacao", "src\Modulos\Segmentacoes\Agriis.Segmentacoes.Aplicacao\Agriis.Segmentacoes.Aplicacao.csproj", "{A2B8FD18-CEEE-1FFC-9209-7275BA13145B}"
EndProject
Project("{FAE04EC0-301F-11D3-BF4B-00C04F79EFBC}") = "Agriis.Segmentacoes.Infraestrutura", "src\Modulos\Segmentacoes\Agriis.Segmentacoes.Infraestrutura\Agriis.Segmentacoes.Infraestrutura.csproj", "{74EF6297-DCFC-04F4-1A33-46D9A6CB113B}"
EndProject
Project("{2150E333-8FDC-42A3-9474-1A3956D46DE8}") = "Culturas", "Culturas", "{50279FB4-B9C4-4244-9014-BC13227B8C35}"
EndProject
Project("{2150E333-8FDC-42A3-9474-1A3956D46DE8}") = "Enderecos", "Enderecos", "{378B4483-2F1B-4456-B459-DAC8B14E86B1}"
EndProject
Project("{2150E333-8FDC-42A3-9474-1A3956D46DE8}") = "Propriedades", "Propriedades", "{4705AB63-FFFD-4FE1-8313-D2C097EFF94F}"
EndProject
Project("{2150E333-8FDC-42A3-9474-1A3956D46DE8}") = "Usuarios", "Usuarios", "{FCCA54C6-F3C3-4A50-80D6-C52C24E074E1}"
EndProject
Project("{FAE04EC0-301F-11D3-BF4B-00C04F79EFBC}") = "Agriis.Culturas.Dominio", "src\Modulos\Culturas\Agriis.Culturas.Dominio\Agriis.Culturas.Dominio.csproj", "{307C2CC4-F543-B3B0-74F7-55E85D83313D}"
EndProject
Project("{FAE04EC0-301F-11D3-BF4B-00C04F79EFBC}") = "Agriis.Culturas.Aplicacao", "src\Modulos\Culturas\Agriis.Culturas.Aplicacao\Agriis.Culturas.Aplicacao.csproj", "{0305B20A-139A-6D12-C98C-8D8981DA2E82}"
EndProject
Project("{FAE04EC0-301F-11D3-BF4B-00C04F79EFBC}") = "Agriis.Culturas.Infraestrutura", "src\Modulos\Culturas\Agriis.Culturas.Infraestrutura\Agriis.Culturas.Infraestrutura.csproj", "{73DC5625-E4E9-E477-FCF8-5DCAD649531C}"
EndProject
Project("{FAE04EC0-301F-11D3-BF4B-00C04F79EFBC}") = "Agriis.Enderecos.Dominio", "src\Modulos\Enderecos\Agriis.Enderecos.Dominio\Agriis.Enderecos.Dominio.csproj", "{6071E063-F13E-DB67-0589-C15F48214D3A}"
EndProject
Project("{FAE04EC0-301F-11D3-BF4B-00C04F79EFBC}") = "Agriis.Enderecos.Aplicacao", "src\Modulos\Enderecos\Agriis.Enderecos.Aplicacao\Agriis.Enderecos.Aplicacao.csproj", "{4790D5AE-A18C-9F5F-4059-8379579D260A}"
EndProject
Project("{FAE04EC0-301F-11D3-BF4B-00C04F79EFBC}") = "Agriis.Enderecos.Infraestrutura", "src\Modulos\Enderecos\Agriis.Enderecos.Infraestrutura\Agriis.Enderecos.Infraestrutura.csproj", "{89E66C36-12BE-210B-994D-637E06ECF0A5}"
EndProject
Project("{FAE04EC0-301F-11D3-BF4B-00C04F79EFBC}") = "Agriis.Propriedades.Dominio", "src\Modulos\Propriedades\Agriis.Propriedades.Dominio\Agriis.Propriedades.Dominio.csproj", "{741C2F02-F33E-8FA9-43FC-625D9666F29D}"
EndProject
Project("{FAE04EC0-301F-11D3-BF4B-00C04F79EFBC}") = "Agriis.Propriedades.Aplicacao", "src\Modulos\Propriedades\Agriis.Propriedades.Aplicacao\Agriis.Propriedades.Aplicacao.csproj", "{3A2E0A8E-266D-EA65-D6EB-9DFFAE59B516}"
EndProject
Project("{FAE04EC0-301F-11D3-BF4B-00C04F79EFBC}") = "Agriis.Propriedades.Infraestrutura", "src\Modulos\Propriedades\Agriis.Propriedades.Infraestrutura\Agriis.Propriedades.Infraestrutura.csproj", "{D6E92DD2-D617-1F62-66F7-EE79A68C8E59}"
EndProject
Project("{FAE04EC0-301F-11D3-BF4B-00C04F79EFBC}") = "Agriis.Usuarios.Dominio", "src\Modulos\Usuarios\Agriis.Usuarios.Dominio\Agriis.Usuarios.Dominio.csproj", "{497870EE-E17D-345D-4C5B-A29FB8CD04DC}"
EndProject
Project("{FAE04EC0-301F-11D3-BF4B-00C04F79EFBC}") = "Agriis.Usuarios.Aplicacao", "src\Modulos\Usuarios\Agriis.Usuarios.Aplicacao\Agriis.Usuarios.Aplicacao.csproj", "{DEF00A41-57CB-E3A3-B484-17FF4FAEBC89}"
EndProject
Project("{FAE04EC0-301F-11D3-BF4B-00C04F79EFBC}") = "Agriis.Usuarios.Infraestrutura", "src\Modulos\Usuarios\Agriis.Usuarios.Infraestrutura\Agriis.Usuarios.Infraestrutura.csproj", "{278D0943-1A45-0DF4-0304-983D75567C90}"
EndProject
Project("{2150E333-8FDC-42A3-9474-1A3956D46DE8}") = "Combos", "Combos", "{BC6B1C02-D517-48C3-BF04-BD7BFE1EE180}"
EndProject
Project("{FAE04EC0-301F-11D3-BF4B-00C04F79EFBC}") = "Agriis.Combos.Dominio", "src\Modulos\Combos\Agriis.Combos.Dominio\Agriis.Combos.Dominio.csproj", "{5737C31F-C587-A705-3858-D9F046DAECC3}"
EndProject
Project("{FAE04EC0-301F-11D3-BF4B-00C04F79EFBC}") = "Agriis.Combos.Aplicacao", "src\Modulos\Combos\Agriis.Combos.Aplicacao\Agriis.Combos.Aplicacao.csproj", "{7585371D-B90C-34DE-CEE0-5DCA8CE629FC}"
EndProject
Project("{FAE04EC0-301F-11D3-BF4B-00C04F79EFBC}") = "Agriis.Combos.Infraestrutura", "src\Modulos\Combos\Agriis.Combos.Infraestrutura\Agriis.Combos.Infraestrutura.csproj", "{5D5EC69F-BF42-6737-49A5-6B6D74CD81E9}"
EndProject
Global
	GlobalSection(SolutionConfigurationPlatforms) = preSolution
		Debug|Any CPU = Debug|Any CPU
		Debug|x64 = Debug|x64
		Debug|x86 = Debug|x86
		Release|Any CPU = Release|Any CPU
		Release|x64 = Release|x64
		Release|x86 = Release|x86
	EndGlobalSection
	GlobalSection(ProjectConfigurationPlatforms) = postSolution
		{7A5E6675-7347-47F1-98F8-C8096D015224}.Debug|Any CPU.ActiveCfg = Debug|Any CPU
		{7A5E6675-7347-47F1-98F8-C8096D015224}.Debug|Any CPU.Build.0 = Debug|Any CPU
		{7A5E6675-7347-47F1-98F8-C8096D015224}.Debug|x64.ActiveCfg = Debug|Any CPU
		{7A5E6675-7347-47F1-98F8-C8096D015224}.Debug|x64.Build.0 = Debug|Any CPU
		{7A5E6675-7347-47F1-98F8-C8096D015224}.Debug|x86.ActiveCfg = Debug|Any CPU
		{7A5E6675-7347-47F1-98F8-C8096D015224}.Debug|x86.Build.0 = Debug|Any CPU
		{7A5E6675-7347-47F1-98F8-C8096D015224}.Release|Any CPU.ActiveCfg = Release|Any CPU
		{7A5E6675-7347-47F1-98F8-C8096D015224}.Release|Any CPU.Build.0 = Release|Any CPU
		{7A5E6675-7347-47F1-98F8-C8096D015224}.Release|x64.ActiveCfg = Release|Any CPU
		{7A5E6675-7347-47F1-98F8-C8096D015224}.Release|x64.Build.0 = Release|Any CPU
		{7A5E6675-7347-47F1-98F8-C8096D015224}.Release|x86.ActiveCfg = Release|Any CPU
		{7A5E6675-7347-47F1-98F8-C8096D015224}.Release|x86.Build.0 = Release|Any CPU
		{E13F36AB-4F2E-4FFC-9DBA-03E12BB13AE6}.Debug|Any CPU.ActiveCfg = Debug|Any CPU
		{E13F36AB-4F2E-4FFC-9DBA-03E12BB13AE6}.Debug|Any CPU.Build.0 = Debug|Any CPU
		{E13F36AB-4F2E-4FFC-9DBA-03E12BB13AE6}.Debug|x64.ActiveCfg = Debug|Any CPU
		{E13F36AB-4F2E-4FFC-9DBA-03E12BB13AE6}.Debug|x64.Build.0 = Debug|Any CPU
		{E13F36AB-4F2E-4FFC-9DBA-03E12BB13AE6}.Debug|x86.ActiveCfg = Debug|Any CPU
		{E13F36AB-4F2E-4FFC-9DBA-03E12BB13AE6}.Debug|x86.Build.0 = Debug|Any CPU
		{E13F36AB-4F2E-4FFC-9DBA-03E12BB13AE6}.Release|Any CPU.ActiveCfg = Release|Any CPU
		{E13F36AB-4F2E-4FFC-9DBA-03E12BB13AE6}.Release|Any CPU.Build.0 = Release|Any CPU
		{E13F36AB-4F2E-4FFC-9DBA-03E12BB13AE6}.Release|x64.ActiveCfg = Release|Any CPU
		{E13F36AB-4F2E-4FFC-9DBA-03E12BB13AE6}.Release|x64.Build.0 = Release|Any CPU
		{E13F36AB-4F2E-4FFC-9DBA-03E12BB13AE6}.Release|x86.ActiveCfg = Release|Any CPU
		{E13F36AB-4F2E-4FFC-9DBA-03E12BB13AE6}.Release|x86.Build.0 = Release|Any CPU
		{9955787F-3115-425D-B921-01EB49AABFE4}.Debug|Any CPU.ActiveCfg = Debug|Any CPU
		{9955787F-3115-425D-B921-01EB49AABFE4}.Debug|Any CPU.Build.0 = Debug|Any CPU
		{9955787F-3115-425D-B921-01EB49AABFE4}.Debug|x64.ActiveCfg = Debug|Any CPU
		{9955787F-3115-425D-B921-01EB49AABFE4}.Debug|x64.Build.0 = Debug|Any CPU
		{9955787F-3115-425D-B921-01EB49AABFE4}.Debug|x86.ActiveCfg = Debug|Any CPU
		{9955787F-3115-425D-B921-01EB49AABFE4}.Debug|x86.Build.0 = Debug|Any CPU
		{9955787F-3115-425D-B921-01EB49AABFE4}.Release|Any CPU.ActiveCfg = Release|Any CPU
		{9955787F-3115-425D-B921-01EB49AABFE4}.Release|Any CPU.Build.0 = Release|Any CPU
		{9955787F-3115-425D-B921-01EB49AABFE4}.Release|x64.ActiveCfg = Release|Any CPU
		{9955787F-3115-425D-B921-01EB49AABFE4}.Release|x64.Build.0 = Release|Any CPU
		{9955787F-3115-425D-B921-01EB49AABFE4}.Release|x86.ActiveCfg = Release|Any CPU
		{9955787F-3115-425D-B921-01EB49AABFE4}.Release|x86.Build.0 = Release|Any CPU
		{48E3C29E-FBC2-41D8-B7FC-0ADD39B00EB0}.Debug|Any CPU.ActiveCfg = Debug|Any CPU
		{48E3C29E-FBC2-41D8-B7FC-0ADD39B00EB0}.Debug|Any CPU.Build.0 = Debug|Any CPU
		{48E3C29E-FBC2-41D8-B7FC-0ADD39B00EB0}.Debug|x64.ActiveCfg = Debug|Any CPU
		{48E3C29E-FBC2-41D8-B7FC-0ADD39B00EB0}.Debug|x64.Build.0 = Debug|Any CPU
		{48E3C29E-FBC2-41D8-B7FC-0ADD39B00EB0}.Debug|x86.ActiveCfg = Debug|Any CPU
		{48E3C29E-FBC2-41D8-B7FC-0ADD39B00EB0}.Debug|x86.Build.0 = Debug|Any CPU
		{48E3C29E-FBC2-41D8-B7FC-0ADD39B00EB0}.Release|Any CPU.ActiveCfg = Release|Any CPU
		{48E3C29E-FBC2-41D8-B7FC-0ADD39B00EB0}.Release|Any CPU.Build.0 = Release|Any CPU
		{48E3C29E-FBC2-41D8-B7FC-0ADD39B00EB0}.Release|x64.ActiveCfg = Release|Any CPU
		{48E3C29E-FBC2-41D8-B7FC-0ADD39B00EB0}.Release|x64.Build.0 = Release|Any CPU
		{48E3C29E-FBC2-41D8-B7FC-0ADD39B00EB0}.Release|x86.ActiveCfg = Release|Any CPU
		{48E3C29E-FBC2-41D8-B7FC-0ADD39B00EB0}.Release|x86.Build.0 = Release|Any CPU
		{FC0C45B5-24A0-4158-8071-CB05C8F94FDE}.Debug|Any CPU.ActiveCfg = Debug|Any CPU
		{FC0C45B5-24A0-4158-8071-CB05C8F94FDE}.Debug|Any CPU.Build.0 = Debug|Any CPU
		{FC0C45B5-24A0-4158-8071-CB05C8F94FDE}.Debug|x64.ActiveCfg = Debug|Any CPU
		{FC0C45B5-24A0-4158-8071-CB05C8F94FDE}.Debug|x64.Build.0 = Debug|Any CPU
		{FC0C45B5-24A0-4158-8071-CB05C8F94FDE}.Debug|x86.ActiveCfg = Debug|Any CPU
		{FC0C45B5-24A0-4158-8071-CB05C8F94FDE}.Debug|x86.Build.0 = Debug|Any CPU
		{FC0C45B5-24A0-4158-8071-CB05C8F94FDE}.Release|Any CPU.ActiveCfg = Release|Any CPU
		{FC0C45B5-24A0-4158-8071-CB05C8F94FDE}.Release|Any CPU.Build.0 = Release|Any CPU
		{FC0C45B5-24A0-4158-8071-CB05C8F94FDE}.Release|x64.ActiveCfg = Release|Any CPU
		{FC0C45B5-24A0-4158-8071-CB05C8F94FDE}.Release|x64.Build.0 = Release|Any CPU
		{FC0C45B5-24A0-4158-8071-CB05C8F94FDE}.Release|x86.ActiveCfg = Release|Any CPU
		{FC0C45B5-24A0-4158-8071-CB05C8F94FDE}.Release|x86.Build.0 = Release|Any CPU
		{76C30676-CB96-4A52-8DBB-0493D932AC7F}.Debug|Any CPU.ActiveCfg = Debug|Any CPU
		{76C30676-CB96-4A52-8DBB-0493D932AC7F}.Debug|Any CPU.Build.0 = Debug|Any CPU
		{76C30676-CB96-4A52-8DBB-0493D932AC7F}.Debug|x64.ActiveCfg = Debug|Any CPU
		{76C30676-CB96-4A52-8DBB-0493D932AC7F}.Debug|x64.Build.0 = Debug|Any CPU
		{76C30676-CB96-4A52-8DBB-0493D932AC7F}.Debug|x86.ActiveCfg = Debug|Any CPU
		{76C30676-CB96-4A52-8DBB-0493D932AC7F}.Debug|x86.Build.0 = Debug|Any CPU
		{76C30676-CB96-4A52-8DBB-0493D932AC7F}.Release|Any CPU.ActiveCfg = Release|Any CPU
		{76C30676-CB96-4A52-8DBB-0493D932AC7F}.Release|Any CPU.Build.0 = Release|Any CPU
		{76C30676-CB96-4A52-8DBB-0493D932AC7F}.Release|x64.ActiveCfg = Release|Any CPU
		{76C30676-CB96-4A52-8DBB-0493D932AC7F}.Release|x64.Build.0 = Release|Any CPU
		{76C30676-CB96-4A52-8DBB-0493D932AC7F}.Release|x86.ActiveCfg = Release|Any CPU
		{76C30676-CB96-4A52-8DBB-0493D932AC7F}.Release|x86.Build.0 = Release|Any CPU
		{670E339B-0920-4807-86C3-5B0487362A7A}.Debug|Any CPU.ActiveCfg = Debug|Any CPU
		{670E339B-0920-4807-86C3-5B0487362A7A}.Debug|Any CPU.Build.0 = Debug|Any CPU
		{670E339B-0920-4807-86C3-5B0487362A7A}.Debug|x64.ActiveCfg = Debug|Any CPU
		{670E339B-0920-4807-86C3-5B0487362A7A}.Debug|x64.Build.0 = Debug|Any CPU
		{670E339B-0920-4807-86C3-5B0487362A7A}.Debug|x86.ActiveCfg = Debug|Any CPU
		{670E339B-0920-4807-86C3-5B0487362A7A}.Debug|x86.Build.0 = Debug|Any CPU
		{670E339B-0920-4807-86C3-5B0487362A7A}.Release|Any CPU.ActiveCfg = Release|Any CPU
		{670E339B-0920-4807-86C3-5B0487362A7A}.Release|Any CPU.Build.0 = Release|Any CPU
		{670E339B-0920-4807-86C3-5B0487362A7A}.Release|x64.ActiveCfg = Release|Any CPU
		{670E339B-0920-4807-86C3-5B0487362A7A}.Release|x64.Build.0 = Release|Any CPU
		{670E339B-0920-4807-86C3-5B0487362A7A}.Release|x86.ActiveCfg = Release|Any CPU
		{670E339B-0920-4807-86C3-5B0487362A7A}.Release|x86.Build.0 = Release|Any CPU
		{2736F8CD-ECA8-42CB-AD8E-4A8D65519DFA}.Debug|Any CPU.ActiveCfg = Debug|Any CPU
		{2736F8CD-ECA8-42CB-AD8E-4A8D65519DFA}.Debug|Any CPU.Build.0 = Debug|Any CPU
		{2736F8CD-ECA8-42CB-AD8E-4A8D65519DFA}.Debug|x64.ActiveCfg = Debug|Any CPU
		{2736F8CD-ECA8-42CB-AD8E-4A8D65519DFA}.Debug|x64.Build.0 = Debug|Any CPU
		{2736F8CD-ECA8-42CB-AD8E-4A8D65519DFA}.Debug|x86.ActiveCfg = Debug|Any CPU
		{2736F8CD-ECA8-42CB-AD8E-4A8D65519DFA}.Debug|x86.Build.0 = Debug|Any CPU
		{2736F8CD-ECA8-42CB-AD8E-4A8D65519DFA}.Release|Any CPU.ActiveCfg = Release|Any CPU
		{2736F8CD-ECA8-42CB-AD8E-4A8D65519DFA}.Release|Any CPU.Build.0 = Release|Any CPU
		{2736F8CD-ECA8-42CB-AD8E-4A8D65519DFA}.Release|x64.ActiveCfg = Release|Any CPU
		{2736F8CD-ECA8-42CB-AD8E-4A8D65519DFA}.Release|x64.Build.0 = Release|Any CPU
		{2736F8CD-ECA8-42CB-AD8E-4A8D65519DFA}.Release|x86.ActiveCfg = Release|Any CPU
		{2736F8CD-ECA8-42CB-AD8E-4A8D65519DFA}.Release|x86.Build.0 = Release|Any CPU
		{A1B2C3D4-E5F6-7890-1234-567890ABCDEF}.Debug|Any CPU.ActiveCfg = Debug|Any CPU
		{A1B2C3D4-E5F6-7890-1234-567890ABCDEF}.Debug|Any CPU.Build.0 = Debug|Any CPU
		{A1B2C3D4-E5F6-7890-1234-567890ABCDEF}.Debug|x64.ActiveCfg = Debug|Any CPU
		{A1B2C3D4-E5F6-7890-1234-567890ABCDEF}.Debug|x64.Build.0 = Debug|Any CPU
		{A1B2C3D4-E5F6-7890-1234-567890ABCDEF}.Debug|x86.ActiveCfg = Debug|Any CPU
		{A1B2C3D4-E5F6-7890-1234-567890ABCDEF}.Debug|x86.Build.0 = Debug|Any CPU
		{A1B2C3D4-E5F6-7890-1234-567890ABCDEF}.Release|Any CPU.ActiveCfg = Release|Any CPU
		{A1B2C3D4-E5F6-7890-1234-567890ABCDEF}.Release|Any CPU.Build.0 = Release|Any CPU
		{A1B2C3D4-E5F6-7890-1234-567890ABCDEF}.Release|x64.ActiveCfg = Release|Any CPU
		{A1B2C3D4-E5F6-7890-1234-567890ABCDEF}.Release|x64.Build.0 = Release|Any CPU
		{A1B2C3D4-E5F6-7890-1234-567890ABCDEF}.Release|x86.ActiveCfg = Release|Any CPU
		{A1B2C3D4-E5F6-7890-1234-567890ABCDEF}.Release|x86.Build.0 = Release|Any CPU
		{AC49B73B-41EF-4A7E-8A46-6AFD1B0D1167}.Debug|Any CPU.ActiveCfg = Debug|Any CPU
		{AC49B73B-41EF-4A7E-8A46-6AFD1B0D1167}.Debug|Any CPU.Build.0 = Debug|Any CPU
		{AC49B73B-41EF-4A7E-8A46-6AFD1B0D1167}.Debug|x64.ActiveCfg = Debug|Any CPU
		{AC49B73B-41EF-4A7E-8A46-6AFD1B0D1167}.Debug|x64.Build.0 = Debug|Any CPU
		{AC49B73B-41EF-4A7E-8A46-6AFD1B0D1167}.Debug|x86.ActiveCfg = Debug|Any CPU
		{AC49B73B-41EF-4A7E-8A46-6AFD1B0D1167}.Debug|x86.Build.0 = Debug|Any CPU
		{AC49B73B-41EF-4A7E-8A46-6AFD1B0D1167}.Release|Any CPU.ActiveCfg = Release|Any CPU
		{AC49B73B-41EF-4A7E-8A46-6AFD1B0D1167}.Release|Any CPU.Build.0 = Release|Any CPU
		{AC49B73B-41EF-4A7E-8A46-6AFD1B0D1167}.Release|x64.ActiveCfg = Release|Any CPU
		{AC49B73B-41EF-4A7E-8A46-6AFD1B0D1167}.Release|x64.Build.0 = Release|Any CPU
		{AC49B73B-41EF-4A7E-8A46-6AFD1B0D1167}.Release|x86.ActiveCfg = Release|Any CPU
		{AC49B73B-41EF-4A7E-8A46-6AFD1B0D1167}.Release|x86.Build.0 = Release|Any CPU
		{2155B2EC-3CB1-42E7-95A9-D314BC016BDC}.Debug|Any CPU.ActiveCfg = Debug|Any CPU
		{2155B2EC-3CB1-42E7-95A9-D314BC016BDC}.Debug|Any CPU.Build.0 = Debug|Any CPU
		{2155B2EC-3CB1-42E7-95A9-D314BC016BDC}.Debug|x64.ActiveCfg = Debug|Any CPU
		{2155B2EC-3CB1-42E7-95A9-D314BC016BDC}.Debug|x64.Build.0 = Debug|Any CPU
		{2155B2EC-3CB1-42E7-95A9-D314BC016BDC}.Debug|x86.ActiveCfg = Debug|Any CPU
		{2155B2EC-3CB1-42E7-95A9-D314BC016BDC}.Debug|x86.Build.0 = Debug|Any CPU
		{2155B2EC-3CB1-42E7-95A9-D314BC016BDC}.Release|Any CPU.ActiveCfg = Release|Any CPU
		{2155B2EC-3CB1-42E7-95A9-D314BC016BDC}.Release|Any CPU.Build.0 = Release|Any CPU
		{2155B2EC-3CB1-42E7-95A9-D314BC016BDC}.Release|x64.ActiveCfg = Release|Any CPU
		{2155B2EC-3CB1-42E7-95A9-D314BC016BDC}.Release|x64.Build.0 = Release|Any CPU
		{2155B2EC-3CB1-42E7-95A9-D314BC016BDC}.Release|x86.ActiveCfg = Release|Any CPU
		{2155B2EC-3CB1-42E7-95A9-D314BC016BDC}.Release|x86.Build.0 = Release|Any CPU
		{CBE9A8BC-A0DC-49A7-8E45-8BDC10D6D9DD}.Debug|Any CPU.ActiveCfg = Debug|Any CPU
		{CBE9A8BC-A0DC-49A7-8E45-8BDC10D6D9DD}.Debug|Any CPU.Build.0 = Debug|Any CPU
		{CBE9A8BC-A0DC-49A7-8E45-8BDC10D6D9DD}.Debug|x64.ActiveCfg = Debug|Any CPU
		{CBE9A8BC-A0DC-49A7-8E45-8BDC10D6D9DD}.Debug|x64.Build.0 = Debug|Any CPU
		{CBE9A8BC-A0DC-49A7-8E45-8BDC10D6D9DD}.Debug|x86.ActiveCfg = Debug|Any CPU
		{CBE9A8BC-A0DC-49A7-8E45-8BDC10D6D9DD}.Debug|x86.Build.0 = Debug|Any CPU
		{CBE9A8BC-A0DC-49A7-8E45-8BDC10D6D9DD}.Release|Any CPU.ActiveCfg = Release|Any CPU
		{CBE9A8BC-A0DC-49A7-8E45-8BDC10D6D9DD}.Release|Any CPU.Build.0 = Release|Any CPU
		{CBE9A8BC-A0DC-49A7-8E45-8BDC10D6D9DD}.Release|x64.ActiveCfg = Release|Any CPU
		{CBE9A8BC-A0DC-49A7-8E45-8BDC10D6D9DD}.Release|x64.Build.0 = Release|Any CPU
		{CBE9A8BC-A0DC-49A7-8E45-8BDC10D6D9DD}.Release|x86.ActiveCfg = Release|Any CPU
		{CBE9A8BC-A0DC-49A7-8E45-8BDC10D6D9DD}.Release|x86.Build.0 = Release|Any CPU
		{7795ADAD-910E-7018-FAA8-A8D618669EF1}.Debug|Any CPU.ActiveCfg = Debug|Any CPU
		{7795ADAD-910E-7018-FAA8-A8D618669EF1}.Debug|Any CPU.Build.0 = Debug|Any CPU
		{7795ADAD-910E-7018-FAA8-A8D618669EF1}.Debug|x64.ActiveCfg = Debug|Any CPU
		{7795ADAD-910E-7018-FAA8-A8D618669EF1}.Debug|x64.Build.0 = Debug|Any CPU
		{7795ADAD-910E-7018-FAA8-A8D618669EF1}.Debug|x86.ActiveCfg = Debug|Any CPU
		{7795ADAD-910E-7018-FAA8-A8D618669EF1}.Debug|x86.Build.0 = Debug|Any CPU
		{7795ADAD-910E-7018-FAA8-A8D618669EF1}.Release|Any CPU.ActiveCfg = Release|Any CPU
		{7795ADAD-910E-7018-FAA8-A8D618669EF1}.Release|Any CPU.Build.0 = Release|Any CPU
		{7795ADAD-910E-7018-FAA8-A8D618669EF1}.Release|x64.ActiveCfg = Release|Any CPU
		{7795ADAD-910E-7018-FAA8-A8D618669EF1}.Release|x64.Build.0 = Release|Any CPU
		{7795ADAD-910E-7018-FAA8-A8D618669EF1}.Release|x86.ActiveCfg = Release|Any CPU
		{7795ADAD-910E-7018-FAA8-A8D618669EF1}.Release|x86.Build.0 = Release|Any CPU
		{EF6EACCE-2C60-935F-83DD-392635462F48}.Debug|Any CPU.ActiveCfg = Debug|Any CPU
		{EF6EACCE-2C60-935F-83DD-392635462F48}.Debug|Any CPU.Build.0 = Debug|Any CPU
		{EF6EACCE-2C60-935F-83DD-392635462F48}.Debug|x64.ActiveCfg = Debug|Any CPU
		{EF6EACCE-2C60-935F-83DD-392635462F48}.Debug|x64.Build.0 = Debug|Any CPU
		{EF6EACCE-2C60-935F-83DD-392635462F48}.Debug|x86.ActiveCfg = Debug|Any CPU
		{EF6EACCE-2C60-935F-83DD-392635462F48}.Debug|x86.Build.0 = Debug|Any CPU
		{EF6EACCE-2C60-935F-83DD-392635462F48}.Release|Any CPU.ActiveCfg = Release|Any CPU
		{EF6EACCE-2C60-935F-83DD-392635462F48}.Release|Any CPU.Build.0 = Release|Any CPU
		{EF6EACCE-2C60-935F-83DD-392635462F48}.Release|x64.ActiveCfg = Release|Any CPU
		{EF6EACCE-2C60-935F-83DD-392635462F48}.Release|x64.Build.0 = Release|Any CPU
		{EF6EACCE-2C60-935F-83DD-392635462F48}.Release|x86.ActiveCfg = Release|Any CPU
		{EF6EACCE-2C60-935F-83DD-392635462F48}.Release|x86.Build.0 = Release|Any CPU
		{93F21F58-E017-7726-0A33-8BB6D83842ED}.Debug|Any CPU.ActiveCfg = Debug|Any CPU
		{93F21F58-E017-7726-0A33-8BB6D83842ED}.Debug|Any CPU.Build.0 = Debug|Any CPU
		{93F21F58-E017-7726-0A33-8BB6D83842ED}.Debug|x64.ActiveCfg = Debug|Any CPU
		{93F21F58-E017-7726-0A33-8BB6D83842ED}.Debug|x64.Build.0 = Debug|Any CPU
		{93F21F58-E017-7726-0A33-8BB6D83842ED}.Debug|x86.ActiveCfg = Debug|Any CPU
		{93F21F58-E017-7726-0A33-8BB6D83842ED}.Debug|x86.Build.0 = Debug|Any CPU
		{93F21F58-E017-7726-0A33-8BB6D83842ED}.Release|Any CPU.ActiveCfg = Release|Any CPU
		{93F21F58-E017-7726-0A33-8BB6D83842ED}.Release|Any CPU.Build.0 = Release|Any CPU
		{93F21F58-E017-7726-0A33-8BB6D83842ED}.Release|x64.ActiveCfg = Release|Any CPU
		{93F21F58-E017-7726-0A33-8BB6D83842ED}.Release|x64.Build.0 = Release|Any CPU
		{93F21F58-E017-7726-0A33-8BB6D83842ED}.Release|x86.ActiveCfg = Release|Any CPU
		{93F21F58-E017-7726-0A33-8BB6D83842ED}.Release|x86.Build.0 = Release|Any CPU
		{2F0AD775-5CB2-4A22-BDF5-C68E74753A0D}.Debug|Any CPU.ActiveCfg = Debug|Any CPU
		{2F0AD775-5CB2-4A22-BDF5-C68E74753A0D}.Debug|Any CPU.Build.0 = Debug|Any CPU
		{2F0AD775-5CB2-4A22-BDF5-C68E74753A0D}.Debug|x64.ActiveCfg = Debug|Any CPU
		{2F0AD775-5CB2-4A22-BDF5-C68E74753A0D}.Debug|x64.Build.0 = Debug|Any CPU
		{2F0AD775-5CB2-4A22-BDF5-C68E74753A0D}.Debug|x86.ActiveCfg = Debug|Any CPU
		{2F0AD775-5CB2-4A22-BDF5-C68E74753A0D}.Debug|x86.Build.0 = Debug|Any CPU
		{2F0AD775-5CB2-4A22-BDF5-C68E74753A0D}.Release|Any CPU.ActiveCfg = Release|Any CPU
		{2F0AD775-5CB2-4A22-BDF5-C68E74753A0D}.Release|Any CPU.Build.0 = Release|Any CPU
		{2F0AD775-5CB2-4A22-BDF5-C68E74753A0D}.Release|x64.ActiveCfg = Release|Any CPU
		{2F0AD775-5CB2-4A22-BDF5-C68E74753A0D}.Release|x64.Build.0 = Release|Any CPU
		{2F0AD775-5CB2-4A22-BDF5-C68E74753A0D}.Release|x86.ActiveCfg = Release|Any CPU
		{2F0AD775-5CB2-4A22-BDF5-C68E74753A0D}.Release|x86.Build.0 = Release|Any CPU
		{41E39A39-E94D-4AAB-8500-DBD59F8C4953}.Debug|Any CPU.ActiveCfg = Debug|Any CPU
		{41E39A39-E94D-4AAB-8500-DBD59F8C4953}.Debug|Any CPU.Build.0 = Debug|Any CPU
		{41E39A39-E94D-4AAB-8500-DBD59F8C4953}.Debug|x64.ActiveCfg = Debug|Any CPU
		{41E39A39-E94D-4AAB-8500-DBD59F8C4953}.Debug|x64.Build.0 = Debug|Any CPU
		{41E39A39-E94D-4AAB-8500-DBD59F8C4953}.Debug|x86.ActiveCfg = Debug|Any CPU
		{41E39A39-E94D-4AAB-8500-DBD59F8C4953}.Debug|x86.Build.0 = Debug|Any CPU
		{41E39A39-E94D-4AAB-8500-DBD59F8C4953}.Release|Any CPU.ActiveCfg = Release|Any CPU
		{41E39A39-E94D-4AAB-8500-DBD59F8C4953}.Release|Any CPU.Build.0 = Release|Any CPU
		{41E39A39-E94D-4AAB-8500-DBD59F8C4953}.Release|x64.ActiveCfg = Release|Any CPU
		{41E39A39-E94D-4AAB-8500-DBD59F8C4953}.Release|x64.Build.0 = Release|Any CPU
		{41E39A39-E94D-4AAB-8500-DBD59F8C4953}.Release|x86.ActiveCfg = Release|Any CPU
		{41E39A39-E94D-4AAB-8500-DBD59F8C4953}.Release|x86.Build.0 = Release|Any CPU
		{E4E44FD9-7048-4CD7-AB0F-AD72839D1130}.Debug|Any CPU.ActiveCfg = Debug|Any CPU
		{E4E44FD9-7048-4CD7-AB0F-AD72839D1130}.Debug|Any CPU.Build.0 = Debug|Any CPU
		{E4E44FD9-7048-4CD7-AB0F-AD72839D1130}.Debug|x64.ActiveCfg = Debug|Any CPU
		{E4E44FD9-7048-4CD7-AB0F-AD72839D1130}.Debug|x64.Build.0 = Debug|Any CPU
		{E4E44FD9-7048-4CD7-AB0F-AD72839D1130}.Debug|x86.ActiveCfg = Debug|Any CPU
		{E4E44FD9-7048-4CD7-AB0F-AD72839D1130}.Debug|x86.Build.0 = Debug|Any CPU
		{E4E44FD9-7048-4CD7-AB0F-AD72839D1130}.Release|Any CPU.ActiveCfg = Release|Any CPU
		{E4E44FD9-7048-4CD7-AB0F-AD72839D1130}.Release|Any CPU.Build.0 = Release|Any CPU
		{E4E44FD9-7048-4CD7-AB0F-AD72839D1130}.Release|x64.ActiveCfg = Release|Any CPU
		{E4E44FD9-7048-4CD7-AB0F-AD72839D1130}.Release|x64.Build.0 = Release|Any CPU
		{E4E44FD9-7048-4CD7-AB0F-AD72839D1130}.Release|x86.ActiveCfg = Release|Any CPU
		{E4E44FD9-7048-4CD7-AB0F-AD72839D1130}.Release|x86.Build.0 = Release|Any CPU
		{3C9C56E7-9C09-41B1-8998-2677159BB5D3}.Debug|Any CPU.ActiveCfg = Debug|Any CPU
		{3C9C56E7-9C09-41B1-8998-2677159BB5D3}.Debug|Any CPU.Build.0 = Debug|Any CPU
		{3C9C56E7-9C09-41B1-8998-2677159BB5D3}.Debug|x64.ActiveCfg = Debug|Any CPU
		{3C9C56E7-9C09-41B1-8998-2677159BB5D3}.Debug|x64.Build.0 = Debug|Any CPU
		{3C9C56E7-9C09-41B1-8998-2677159BB5D3}.Debug|x86.ActiveCfg = Debug|Any CPU
		{3C9C56E7-9C09-41B1-8998-2677159BB5D3}.Debug|x86.Build.0 = Debug|Any CPU
		{3C9C56E7-9C09-41B1-8998-2677159BB5D3}.Release|Any CPU.ActiveCfg = Release|Any CPU
		{3C9C56E7-9C09-41B1-8998-2677159BB5D3}.Release|Any CPU.Build.0 = Release|Any CPU
		{3C9C56E7-9C09-41B1-8998-2677159BB5D3}.Release|x64.ActiveCfg = Release|Any CPU
		{3C9C56E7-9C09-41B1-8998-2677159BB5D3}.Release|x64.Build.0 = Release|Any CPU
		{3C9C56E7-9C09-41B1-8998-2677159BB5D3}.Release|x86.ActiveCfg = Release|Any CPU
		{3C9C56E7-9C09-41B1-8998-2677159BB5D3}.Release|x86.Build.0 = Release|Any CPU
		{ECA4A2CD-AFA2-4179-8BB6-732290F093E0}.Debug|Any CPU.ActiveCfg = Debug|Any CPU
		{ECA4A2CD-AFA2-4179-8BB6-732290F093E0}.Debug|Any CPU.Build.0 = Debug|Any CPU
		{ECA4A2CD-AFA2-4179-8BB6-732290F093E0}.Debug|x64.ActiveCfg = Debug|Any CPU
		{ECA4A2CD-AFA2-4179-8BB6-732290F093E0}.Debug|x64.Build.0 = Debug|Any CPU
		{ECA4A2CD-AFA2-4179-8BB6-732290F093E0}.Debug|x86.ActiveCfg = Debug|Any CPU
		{ECA4A2CD-AFA2-4179-8BB6-732290F093E0}.Debug|x86.Build.0 = Debug|Any CPU
		{ECA4A2CD-AFA2-4179-8BB6-732290F093E0}.Release|Any CPU.ActiveCfg = Release|Any CPU
		{ECA4A2CD-AFA2-4179-8BB6-732290F093E0}.Release|Any CPU.Build.0 = Release|Any CPU
		{ECA4A2CD-AFA2-4179-8BB6-732290F093E0}.Release|x64.ActiveCfg = Release|Any CPU
		{ECA4A2CD-AFA2-4179-8BB6-732290F093E0}.Release|x64.Build.0 = Release|Any CPU
		{ECA4A2CD-AFA2-4179-8BB6-732290F093E0}.Release|x86.ActiveCfg = Release|Any CPU
		{ECA4A2CD-AFA2-4179-8BB6-732290F093E0}.Release|x86.Build.0 = Release|Any CPU
		{B883E5BC-F639-4EA9-81C3-E69149803606}.Debug|Any CPU.ActiveCfg = Debug|Any CPU
		{B883E5BC-F639-4EA9-81C3-E69149803606}.Debug|Any CPU.Build.0 = Debug|Any CPU
		{B883E5BC-F639-4EA9-81C3-E69149803606}.Debug|x64.ActiveCfg = Debug|Any CPU
		{B883E5BC-F639-4EA9-81C3-E69149803606}.Debug|x64.Build.0 = Debug|Any CPU
		{B883E5BC-F639-4EA9-81C3-E69149803606}.Debug|x86.ActiveCfg = Debug|Any CPU
		{B883E5BC-F639-4EA9-81C3-E69149803606}.Debug|x86.Build.0 = Debug|Any CPU
		{B883E5BC-F639-4EA9-81C3-E69149803606}.Release|Any CPU.ActiveCfg = Release|Any CPU
		{B883E5BC-F639-4EA9-81C3-E69149803606}.Release|Any CPU.Build.0 = Release|Any CPU
		{B883E5BC-F639-4EA9-81C3-E69149803606}.Release|x64.ActiveCfg = Release|Any CPU
		{B883E5BC-F639-4EA9-81C3-E69149803606}.Release|x64.Build.0 = Release|Any CPU
		{B883E5BC-F639-4EA9-81C3-E69149803606}.Release|x86.ActiveCfg = Release|Any CPU
		{B883E5BC-F639-4EA9-81C3-E69149803606}.Release|x86.Build.0 = Release|Any CPU
		{F59860BD-6EDB-4B78-8983-3CE7194AFA15}.Debug|Any CPU.ActiveCfg = Debug|Any CPU
		{F59860BD-6EDB-4B78-8983-3CE7194AFA15}.Debug|Any CPU.Build.0 = Debug|Any CPU
		{F59860BD-6EDB-4B78-8983-3CE7194AFA15}.Debug|x64.ActiveCfg = Debug|Any CPU
		{F59860BD-6EDB-4B78-8983-3CE7194AFA15}.Debug|x64.Build.0 = Debug|Any CPU
		{F59860BD-6EDB-4B78-8983-3CE7194AFA15}.Debug|x86.ActiveCfg = Debug|Any CPU
		{F59860BD-6EDB-4B78-8983-3CE7194AFA15}.Debug|x86.Build.0 = Debug|Any CPU
		{F59860BD-6EDB-4B78-8983-3CE7194AFA15}.Release|Any CPU.ActiveCfg = Release|Any CPU
		{F59860BD-6EDB-4B78-8983-3CE7194AFA15}.Release|Any CPU.Build.0 = Release|Any CPU
		{F59860BD-6EDB-4B78-8983-3CE7194AFA15}.Release|x64.ActiveCfg = Release|Any CPU
		{F59860BD-6EDB-4B78-8983-3CE7194AFA15}.Release|x64.Build.0 = Release|Any CPU
		{F59860BD-6EDB-4B78-8983-3CE7194AFA15}.Release|x86.ActiveCfg = Release|Any CPU
		{F59860BD-6EDB-4B78-8983-3CE7194AFA15}.Release|x86.Build.0 = Release|Any CPU
		{0B781F9B-5CC4-4E57-8818-F706074F615B}.Debug|Any CPU.ActiveCfg = Debug|Any CPU
		{0B781F9B-5CC4-4E57-8818-F706074F615B}.Debug|Any CPU.Build.0 = Debug|Any CPU
		{0B781F9B-5CC4-4E57-8818-F706074F615B}.Debug|x64.ActiveCfg = Debug|Any CPU
		{0B781F9B-5CC4-4E57-8818-F706074F615B}.Debug|x64.Build.0 = Debug|Any CPU
		{0B781F9B-5CC4-4E57-8818-F706074F615B}.Debug|x86.ActiveCfg = Debug|Any CPU
		{0B781F9B-5CC4-4E57-8818-F706074F615B}.Debug|x86.Build.0 = Debug|Any CPU
		{0B781F9B-5CC4-4E57-8818-F706074F615B}.Release|Any CPU.ActiveCfg = Release|Any CPU
		{0B781F9B-5CC4-4E57-8818-F706074F615B}.Release|Any CPU.Build.0 = Release|Any CPU
		{0B781F9B-5CC4-4E57-8818-F706074F615B}.Release|x64.ActiveCfg = Release|Any CPU
		{0B781F9B-5CC4-4E57-8818-F706074F615B}.Release|x64.Build.0 = Release|Any CPU
		{0B781F9B-5CC4-4E57-8818-F706074F615B}.Release|x86.ActiveCfg = Release|Any CPU
		{0B781F9B-5CC4-4E57-8818-F706074F615B}.Release|x86.Build.0 = Release|Any CPU
		{376419D0-81D0-46F0-A802-61F593F9BCC7}.Debug|Any CPU.ActiveCfg = Debug|Any CPU
		{376419D0-81D0-46F0-A802-61F593F9BCC7}.Debug|Any CPU.Build.0 = Debug|Any CPU
		{376419D0-81D0-46F0-A802-61F593F9BCC7}.Debug|x64.ActiveCfg = Debug|Any CPU
		{376419D0-81D0-46F0-A802-61F593F9BCC7}.Debug|x64.Build.0 = Debug|Any CPU
		{376419D0-81D0-46F0-A802-61F593F9BCC7}.Debug|x86.ActiveCfg = Debug|Any CPU
		{376419D0-81D0-46F0-A802-61F593F9BCC7}.Debug|x86.Build.0 = Debug|Any CPU
		{376419D0-81D0-46F0-A802-61F593F9BCC7}.Release|Any CPU.ActiveCfg = Release|Any CPU
		{376419D0-81D0-46F0-A802-61F593F9BCC7}.Release|Any CPU.Build.0 = Release|Any CPU
		{376419D0-81D0-46F0-A802-61F593F9BCC7}.Release|x64.ActiveCfg = Release|Any CPU
		{376419D0-81D0-46F0-A802-61F593F9BCC7}.Release|x64.Build.0 = Release|Any CPU
		{376419D0-81D0-46F0-A802-61F593F9BCC7}.Release|x86.ActiveCfg = Release|Any CPU
		{376419D0-81D0-46F0-A802-61F593F9BCC7}.Release|x86.Build.0 = Release|Any CPU
		{35542316-5689-4CF9-B146-269818971476}.Debug|Any CPU.ActiveCfg = Debug|Any CPU
		{35542316-5689-4CF9-B146-269818971476}.Debug|Any CPU.Build.0 = Debug|Any CPU
		{35542316-5689-4CF9-B146-269818971476}.Debug|x64.ActiveCfg = Debug|Any CPU
		{35542316-5689-4CF9-B146-269818971476}.Debug|x64.Build.0 = Debug|Any CPU
		{35542316-5689-4CF9-B146-269818971476}.Debug|x86.ActiveCfg = Debug|Any CPU
		{35542316-5689-4CF9-B146-269818971476}.Debug|x86.Build.0 = Debug|Any CPU
		{35542316-5689-4CF9-B146-269818971476}.Release|Any CPU.ActiveCfg = Release|Any CPU
		{35542316-5689-4CF9-B146-269818971476}.Release|Any CPU.Build.0 = Release|Any CPU
		{35542316-5689-4CF9-B146-269818971476}.Release|x64.ActiveCfg = Release|Any CPU
		{35542316-5689-4CF9-B146-269818971476}.Release|x64.Build.0 = Release|Any CPU
		{35542316-5689-4CF9-B146-269818971476}.Release|x86.ActiveCfg = Release|Any CPU
		{35542316-5689-4CF9-B146-269818971476}.Release|x86.Build.0 = Release|Any CPU
		{9CB78B82-7B2A-454C-9B54-11103089BBB8}.Debug|Any CPU.ActiveCfg = Debug|Any CPU
		{9CB78B82-7B2A-454C-9B54-11103089BBB8}.Debug|Any CPU.Build.0 = Debug|Any CPU
		{9CB78B82-7B2A-454C-9B54-11103089BBB8}.Debug|x64.ActiveCfg = Debug|Any CPU
		{9CB78B82-7B2A-454C-9B54-11103089BBB8}.Debug|x64.Build.0 = Debug|Any CPU
		{9CB78B82-7B2A-454C-9B54-11103089BBB8}.Debug|x86.ActiveCfg = Debug|Any CPU
		{9CB78B82-7B2A-454C-9B54-11103089BBB8}.Debug|x86.Build.0 = Debug|Any CPU
		{9CB78B82-7B2A-454C-9B54-11103089BBB8}.Release|Any CPU.ActiveCfg = Release|Any CPU
		{9CB78B82-7B2A-454C-9B54-11103089BBB8}.Release|Any CPU.Build.0 = Release|Any CPU
		{9CB78B82-7B2A-454C-9B54-11103089BBB8}.Release|x64.ActiveCfg = Release|Any CPU
		{9CB78B82-7B2A-454C-9B54-11103089BBB8}.Release|x64.Build.0 = Release|Any CPU
		{9CB78B82-7B2A-454C-9B54-11103089BBB8}.Release|x86.ActiveCfg = Release|Any CPU
		{9CB78B82-7B2A-454C-9B54-11103089BBB8}.Release|x86.Build.0 = Release|Any CPU
		{7382F5E7-0EC7-4EDD-B496-1A9E56FC8246}.Debug|Any CPU.ActiveCfg = Debug|Any CPU
		{7382F5E7-0EC7-4EDD-B496-1A9E56FC8246}.Debug|Any CPU.Build.0 = Debug|Any CPU
		{7382F5E7-0EC7-4EDD-B496-1A9E56FC8246}.Debug|x64.ActiveCfg = Debug|Any CPU
		{7382F5E7-0EC7-4EDD-B496-1A9E56FC8246}.Debug|x64.Build.0 = Debug|Any CPU
		{7382F5E7-0EC7-4EDD-B496-1A9E56FC8246}.Debug|x86.ActiveCfg = Debug|Any CPU
		{7382F5E7-0EC7-4EDD-B496-1A9E56FC8246}.Debug|x86.Build.0 = Debug|Any CPU
		{7382F5E7-0EC7-4EDD-B496-1A9E56FC8246}.Release|Any CPU.ActiveCfg = Release|Any CPU
		{7382F5E7-0EC7-4EDD-B496-1A9E56FC8246}.Release|Any CPU.Build.0 = Release|Any CPU
		{7382F5E7-0EC7-4EDD-B496-1A9E56FC8246}.Release|x64.ActiveCfg = Release|Any CPU
		{7382F5E7-0EC7-4EDD-B496-1A9E56FC8246}.Release|x64.Build.0 = Release|Any CPU
		{7382F5E7-0EC7-4EDD-B496-1A9E56FC8246}.Release|x86.ActiveCfg = Release|Any CPU
		{7382F5E7-0EC7-4EDD-B496-1A9E56FC8246}.Release|x86.Build.0 = Release|Any CPU
		{962E6361-BD90-9A18-96AE-6AD753207395}.Debug|Any CPU.ActiveCfg = Debug|Any CPU
		{962E6361-BD90-9A18-96AE-6AD753207395}.Debug|Any CPU.Build.0 = Debug|Any CPU
		{962E6361-BD90-9A18-96AE-6AD753207395}.Debug|x64.ActiveCfg = Debug|Any CPU
		{962E6361-BD90-9A18-96AE-6AD753207395}.Debug|x64.Build.0 = Debug|Any CPU
		{962E6361-BD90-9A18-96AE-6AD753207395}.Debug|x86.ActiveCfg = Debug|Any CPU
		{962E6361-BD90-9A18-96AE-6AD753207395}.Debug|x86.Build.0 = Debug|Any CPU
		{962E6361-BD90-9A18-96AE-6AD753207395}.Release|Any CPU.ActiveCfg = Release|Any CPU
		{962E6361-BD90-9A18-96AE-6AD753207395}.Release|Any CPU.Build.0 = Release|Any CPU
		{962E6361-BD90-9A18-96AE-6AD753207395}.Release|x64.ActiveCfg = Release|Any CPU
		{962E6361-BD90-9A18-96AE-6AD753207395}.Release|x64.Build.0 = Release|Any CPU
		{962E6361-BD90-9A18-96AE-6AD753207395}.Release|x86.ActiveCfg = Release|Any CPU
		{962E6361-BD90-9A18-96AE-6AD753207395}.Release|x86.Build.0 = Release|Any CPU
		{463CC66E-B8BD-C5EA-A255-0A68F00670DC}.Debug|Any CPU.ActiveCfg = Debug|Any CPU
		{463CC66E-B8BD-C5EA-A255-0A68F00670DC}.Debug|Any CPU.Build.0 = Debug|Any CPU
		{463CC66E-B8BD-C5EA-A255-0A68F00670DC}.Debug|x64.ActiveCfg = Debug|Any CPU
		{463CC66E-B8BD-C5EA-A255-0A68F00670DC}.Debug|x64.Build.0 = Debug|Any CPU
		{463CC66E-B8BD-C5EA-A255-0A68F00670DC}.Debug|x86.ActiveCfg = Debug|Any CPU
		{463CC66E-B8BD-C5EA-A255-0A68F00670DC}.Debug|x86.Build.0 = Debug|Any CPU
		{463CC66E-B8BD-C5EA-A255-0A68F00670DC}.Release|Any CPU.ActiveCfg = Release|Any CPU
		{463CC66E-B8BD-C5EA-A255-0A68F00670DC}.Release|Any CPU.Build.0 = Release|Any CPU
		{463CC66E-B8BD-C5EA-A255-0A68F00670DC}.Release|x64.ActiveCfg = Release|Any CPU
		{463CC66E-B8BD-C5EA-A255-0A68F00670DC}.Release|x64.Build.0 = Release|Any CPU
		{463CC66E-B8BD-C5EA-A255-0A68F00670DC}.Release|x86.ActiveCfg = Release|Any CPU
		{463CC66E-B8BD-C5EA-A255-0A68F00670DC}.Release|x86.Build.0 = Release|Any CPU
		{40C6864B-4D36-3474-DBC4-7FBCDC4A900F}.Debug|Any CPU.ActiveCfg = Debug|Any CPU
		{40C6864B-4D36-3474-DBC4-7FBCDC4A900F}.Debug|Any CPU.Build.0 = Debug|Any CPU
		{40C6864B-4D36-3474-DBC4-7FBCDC4A900F}.Debug|x64.ActiveCfg = Debug|Any CPU
		{40C6864B-4D36-3474-DBC4-7FBCDC4A900F}.Debug|x64.Build.0 = Debug|Any CPU
		{40C6864B-4D36-3474-DBC4-7FBCDC4A900F}.Debug|x86.ActiveCfg = Debug|Any CPU
		{40C6864B-4D36-3474-DBC4-7FBCDC4A900F}.Debug|x86.Build.0 = Debug|Any CPU
		{40C6864B-4D36-3474-DBC4-7FBCDC4A900F}.Release|Any CPU.ActiveCfg = Release|Any CPU
		{40C6864B-4D36-3474-DBC4-7FBCDC4A900F}.Release|Any CPU.Build.0 = Release|Any CPU
		{40C6864B-4D36-3474-DBC4-7FBCDC4A900F}.Release|x64.ActiveCfg = Release|Any CPU
		{40C6864B-4D36-3474-DBC4-7FBCDC4A900F}.Release|x64.Build.0 = Release|Any CPU
		{40C6864B-4D36-3474-DBC4-7FBCDC4A900F}.Release|x86.ActiveCfg = Release|Any CPU
		{40C6864B-4D36-3474-DBC4-7FBCDC4A900F}.Release|x86.Build.0 = Release|Any CPU
		{26544D3B-3BD2-748E-5026-EBA57F2B27A0}.Debug|Any CPU.ActiveCfg = Debug|Any CPU
		{26544D3B-3BD2-748E-5026-EBA57F2B27A0}.Debug|Any CPU.Build.0 = Debug|Any CPU
		{26544D3B-3BD2-748E-5026-EBA57F2B27A0}.Debug|x64.ActiveCfg = Debug|Any CPU
		{26544D3B-3BD2-748E-5026-EBA57F2B27A0}.Debug|x64.Build.0 = Debug|Any CPU
		{26544D3B-3BD2-748E-5026-EBA57F2B27A0}.Debug|x86.ActiveCfg = Debug|Any CPU
		{26544D3B-3BD2-748E-5026-EBA57F2B27A0}.Debug|x86.Build.0 = Debug|Any CPU
		{26544D3B-3BD2-748E-5026-EBA57F2B27A0}.Release|Any CPU.ActiveCfg = Release|Any CPU
		{26544D3B-3BD2-748E-5026-EBA57F2B27A0}.Release|Any CPU.Build.0 = Release|Any CPU
		{26544D3B-3BD2-748E-5026-EBA57F2B27A0}.Release|x64.ActiveCfg = Release|Any CPU
		{26544D3B-3BD2-748E-5026-EBA57F2B27A0}.Release|x64.Build.0 = Release|Any CPU
		{26544D3B-3BD2-748E-5026-EBA57F2B27A0}.Release|x86.ActiveCfg = Release|Any CPU
		{26544D3B-3BD2-748E-5026-EBA57F2B27A0}.Release|x86.Build.0 = Release|Any CPU
		{71B82C4B-16D5-2BA6-BC7E-463776147F3A}.Debug|Any CPU.ActiveCfg = Debug|Any CPU
		{71B82C4B-16D5-2BA6-BC7E-463776147F3A}.Debug|Any CPU.Build.0 = Debug|Any CPU
		{71B82C4B-16D5-2BA6-BC7E-463776147F3A}.Debug|x64.ActiveCfg = Debug|Any CPU
		{71B82C4B-16D5-2BA6-BC7E-463776147F3A}.Debug|x64.Build.0 = Debug|Any CPU
		{71B82C4B-16D5-2BA6-BC7E-463776147F3A}.Debug|x86.ActiveCfg = Debug|Any CPU
		{71B82C4B-16D5-2BA6-BC7E-463776147F3A}.Debug|x86.Build.0 = Debug|Any CPU
		{71B82C4B-16D5-2BA6-BC7E-463776147F3A}.Release|Any CPU.ActiveCfg = Release|Any CPU
		{71B82C4B-16D5-2BA6-BC7E-463776147F3A}.Release|Any CPU.Build.0 = Release|Any CPU
		{71B82C4B-16D5-2BA6-BC7E-463776147F3A}.Release|x64.ActiveCfg = Release|Any CPU
		{71B82C4B-16D5-2BA6-BC7E-463776147F3A}.Release|x64.Build.0 = Release|Any CPU
		{71B82C4B-16D5-2BA6-BC7E-463776147F3A}.Release|x86.ActiveCfg = Release|Any CPU
		{71B82C4B-16D5-2BA6-BC7E-463776147F3A}.Release|x86.Build.0 = Release|Any CPU
		{67B1A3C5-529B-4D72-C768-5D32727B8908}.Debug|Any CPU.ActiveCfg = Debug|Any CPU
		{67B1A3C5-529B-4D72-C768-5D32727B8908}.Debug|Any CPU.Build.0 = Debug|Any CPU
		{67B1A3C5-529B-4D72-C768-5D32727B8908}.Debug|x64.ActiveCfg = Debug|Any CPU
		{67B1A3C5-529B-4D72-C768-5D32727B8908}.Debug|x64.Build.0 = Debug|Any CPU
		{67B1A3C5-529B-4D72-C768-5D32727B8908}.Debug|x86.ActiveCfg = Debug|Any CPU
		{67B1A3C5-529B-4D72-C768-5D32727B8908}.Debug|x86.Build.0 = Debug|Any CPU
		{67B1A3C5-529B-4D72-C768-5D32727B8908}.Release|Any CPU.ActiveCfg = Release|Any CPU
		{67B1A3C5-529B-4D72-C768-5D32727B8908}.Release|Any CPU.Build.0 = Release|Any CPU
		{67B1A3C5-529B-4D72-C768-5D32727B8908}.Release|x64.ActiveCfg = Release|Any CPU
		{67B1A3C5-529B-4D72-C768-5D32727B8908}.Release|x64.Build.0 = Release|Any CPU
		{67B1A3C5-529B-4D72-C768-5D32727B8908}.Release|x86.ActiveCfg = Release|Any CPU
		{67B1A3C5-529B-4D72-C768-5D32727B8908}.Release|x86.Build.0 = Release|Any CPU
		{5CC468AF-1E40-6EB1-4B9D-0A08756BF1AE}.Debug|Any CPU.ActiveCfg = Debug|Any CPU
		{5CC468AF-1E40-6EB1-4B9D-0A08756BF1AE}.Debug|Any CPU.Build.0 = Debug|Any CPU
		{5CC468AF-1E40-6EB1-4B9D-0A08756BF1AE}.Debug|x64.ActiveCfg = Debug|Any CPU
		{5CC468AF-1E40-6EB1-4B9D-0A08756BF1AE}.Debug|x64.Build.0 = Debug|Any CPU
		{5CC468AF-1E40-6EB1-4B9D-0A08756BF1AE}.Debug|x86.ActiveCfg = Debug|Any CPU
		{5CC468AF-1E40-6EB1-4B9D-0A08756BF1AE}.Debug|x86.Build.0 = Debug|Any CPU
		{5CC468AF-1E40-6EB1-4B9D-0A08756BF1AE}.Release|Any CPU.ActiveCfg = Release|Any CPU
		{5CC468AF-1E40-6EB1-4B9D-0A08756BF1AE}.Release|Any CPU.Build.0 = Release|Any CPU
		{5CC468AF-1E40-6EB1-4B9D-0A08756BF1AE}.Release|x64.ActiveCfg = Release|Any CPU
		{5CC468AF-1E40-6EB1-4B9D-0A08756BF1AE}.Release|x64.Build.0 = Release|Any CPU
		{5CC468AF-1E40-6EB1-4B9D-0A08756BF1AE}.Release|x86.ActiveCfg = Release|Any CPU
		{5CC468AF-1E40-6EB1-4B9D-0A08756BF1AE}.Release|x86.Build.0 = Release|Any CPU
		{232C552D-4517-BF4A-D04E-7557FC663290}.Debug|Any CPU.ActiveCfg = Debug|Any CPU
		{232C552D-4517-BF4A-D04E-7557FC663290}.Debug|Any CPU.Build.0 = Debug|Any CPU
		{232C552D-4517-BF4A-D04E-7557FC663290}.Debug|x64.ActiveCfg = Debug|Any CPU
		{232C552D-4517-BF4A-D04E-7557FC663290}.Debug|x64.Build.0 = Debug|Any CPU
		{232C552D-4517-BF4A-D04E-7557FC663290}.Debug|x86.ActiveCfg = Debug|Any CPU
		{232C552D-4517-BF4A-D04E-7557FC663290}.Debug|x86.Build.0 = Debug|Any CPU
		{232C552D-4517-BF4A-D04E-7557FC663290}.Release|Any CPU.ActiveCfg = Release|Any CPU
		{232C552D-4517-BF4A-D04E-7557FC663290}.Release|Any CPU.Build.0 = Release|Any CPU
		{232C552D-4517-BF4A-D04E-7557FC663290}.Release|x64.ActiveCfg = Release|Any CPU
		{232C552D-4517-BF4A-D04E-7557FC663290}.Release|x64.Build.0 = Release|Any CPU
		{232C552D-4517-BF4A-D04E-7557FC663290}.Release|x86.ActiveCfg = Release|Any CPU
		{232C552D-4517-BF4A-D04E-7557FC663290}.Release|x86.Build.0 = Release|Any CPU
		{D45F6E7F-CEBE-9F3C-17BD-2A4342776711}.Debug|Any CPU.ActiveCfg = Debug|Any CPU
		{D45F6E7F-CEBE-9F3C-17BD-2A4342776711}.Debug|Any CPU.Build.0 = Debug|Any CPU
		{D45F6E7F-CEBE-9F3C-17BD-2A4342776711}.Debug|x64.ActiveCfg = Debug|Any CPU
		{D45F6E7F-CEBE-9F3C-17BD-2A4342776711}.Debug|x64.Build.0 = Debug|Any CPU
		{D45F6E7F-CEBE-9F3C-17BD-2A4342776711}.Debug|x86.ActiveCfg = Debug|Any CPU
		{D45F6E7F-CEBE-9F3C-17BD-2A4342776711}.Debug|x86.Build.0 = Debug|Any CPU
		{D45F6E7F-CEBE-9F3C-17BD-2A4342776711}.Release|Any CPU.ActiveCfg = Release|Any CPU
		{D45F6E7F-CEBE-9F3C-17BD-2A4342776711}.Release|Any CPU.Build.0 = Release|Any CPU
		{D45F6E7F-CEBE-9F3C-17BD-2A4342776711}.Release|x64.ActiveCfg = Release|Any CPU
		{D45F6E7F-CEBE-9F3C-17BD-2A4342776711}.Release|x64.Build.0 = Release|Any CPU
		{D45F6E7F-CEBE-9F3C-17BD-2A4342776711}.Release|x86.ActiveCfg = Release|Any CPU
		{D45F6E7F-CEBE-9F3C-17BD-2A4342776711}.Release|x86.Build.0 = Release|Any CPU
		{A2B8FD18-CEEE-1FFC-9209-7275BA13145B}.Debug|Any CPU.ActiveCfg = Debug|Any CPU
		{A2B8FD18-CEEE-1FFC-9209-7275BA13145B}.Debug|Any CPU.Build.0 = Debug|Any CPU
		{A2B8FD18-CEEE-1FFC-9209-7275BA13145B}.Debug|x64.ActiveCfg = Debug|Any CPU
		{A2B8FD18-CEEE-1FFC-9209-7275BA13145B}.Debug|x64.Build.0 = Debug|Any CPU
		{A2B8FD18-CEEE-1FFC-9209-7275BA13145B}.Debug|x86.ActiveCfg = Debug|Any CPU
		{A2B8FD18-CEEE-1FFC-9209-7275BA13145B}.Debug|x86.Build.0 = Debug|Any CPU
		{A2B8FD18-CEEE-1FFC-9209-7275BA13145B}.Release|Any CPU.ActiveCfg = Release|Any CPU
		{A2B8FD18-CEEE-1FFC-9209-7275BA13145B}.Release|Any CPU.Build.0 = Release|Any CPU
		{A2B8FD18-CEEE-1FFC-9209-7275BA13145B}.Release|x64.ActiveCfg = Release|Any CPU
		{A2B8FD18-CEEE-1FFC-9209-7275BA13145B}.Release|x64.Build.0 = Release|Any CPU
		{A2B8FD18-CEEE-1FFC-9209-7275BA13145B}.Release|x86.ActiveCfg = Release|Any CPU
		{A2B8FD18-CEEE-1FFC-9209-7275BA13145B}.Release|x86.Build.0 = Release|Any CPU
		{74EF6297-DCFC-04F4-1A33-46D9A6CB113B}.Debug|Any CPU.ActiveCfg = Debug|Any CPU
		{74EF6297-DCFC-04F4-1A33-46D9A6CB113B}.Debug|Any CPU.Build.0 = Debug|Any CPU
		{74EF6297-DCFC-04F4-1A33-46D9A6CB113B}.Debug|x64.ActiveCfg = Debug|Any CPU
		{74EF6297-DCFC-04F4-1A33-46D9A6CB113B}.Debug|x64.Build.0 = Debug|Any CPU
		{74EF6297-DCFC-04F4-1A33-46D9A6CB113B}.Debug|x86.ActiveCfg = Debug|Any CPU
		{74EF6297-DCFC-04F4-1A33-46D9A6CB113B}.Debug|x86.Build.0 = Debug|Any CPU
		{74EF6297-DCFC-04F4-1A33-46D9A6CB113B}.Release|Any CPU.ActiveCfg = Release|Any CPU
		{74EF6297-DCFC-04F4-1A33-46D9A6CB113B}.Release|Any CPU.Build.0 = Release|Any CPU
		{74EF6297-DCFC-04F4-1A33-46D9A6CB113B}.Release|x64.ActiveCfg = Release|Any CPU
		{74EF6297-DCFC-04F4-1A33-46D9A6CB113B}.Release|x64.Build.0 = Release|Any CPU
		{74EF6297-DCFC-04F4-1A33-46D9A6CB113B}.Release|x86.ActiveCfg = Release|Any CPU
		{74EF6297-DCFC-04F4-1A33-46D9A6CB113B}.Release|x86.Build.0 = Release|Any CPU
		{307C2CC4-F543-B3B0-74F7-55E85D83313D}.Debug|Any CPU.ActiveCfg = Debug|Any CPU
		{307C2CC4-F543-B3B0-74F7-55E85D83313D}.Debug|Any CPU.Build.0 = Debug|Any CPU
		{307C2CC4-F543-B3B0-74F7-55E85D83313D}.Debug|x64.ActiveCfg = Debug|Any CPU
		{307C2CC4-F543-B3B0-74F7-55E85D83313D}.Debug|x64.Build.0 = Debug|Any CPU
		{307C2CC4-F543-B3B0-74F7-55E85D83313D}.Debug|x86.ActiveCfg = Debug|Any CPU
		{307C2CC4-F543-B3B0-74F7-55E85D83313D}.Debug|x86.Build.0 = Debug|Any CPU
		{307C2CC4-F543-B3B0-74F7-55E85D83313D}.Release|Any CPU.ActiveCfg = Release|Any CPU
		{307C2CC4-F543-B3B0-74F7-55E85D83313D}.Release|Any CPU.Build.0 = Release|Any CPU
		{307C2CC4-F543-B3B0-74F7-55E85D83313D}.Release|x64.ActiveCfg = Release|Any CPU
		{307C2CC4-F543-B3B0-74F7-55E85D83313D}.Release|x64.Build.0 = Release|Any CPU
		{307C2CC4-F543-B3B0-74F7-55E85D83313D}.Release|x86.ActiveCfg = Release|Any CPU
		{307C2CC4-F543-B3B0-74F7-55E85D83313D}.Release|x86.Build.0 = Release|Any CPU
		{0305B20A-139A-6D12-C98C-8D8981DA2E82}.Debug|Any CPU.ActiveCfg = Debug|Any CPU
		{0305B20A-139A-6D12-C98C-8D8981DA2E82}.Debug|Any CPU.Build.0 = Debug|Any CPU
		{0305B20A-139A-6D12-C98C-8D8981DA2E82}.Debug|x64.ActiveCfg = Debug|Any CPU
		{0305B20A-139A-6D12-C98C-8D8981DA2E82}.Debug|x64.Build.0 = Debug|Any CPU
		{0305B20A-139A-6D12-C98C-8D8981DA2E82}.Debug|x86.ActiveCfg = Debug|Any CPU
		{0305B20A-139A-6D12-C98C-8D8981DA2E82}.Debug|x86.Build.0 = Debug|Any CPU
		{0305B20A-139A-6D12-C98C-8D8981DA2E82}.Release|Any CPU.ActiveCfg = Release|Any CPU
		{0305B20A-139A-6D12-C98C-8D8981DA2E82}.Release|Any CPU.Build.0 = Release|Any CPU
		{0305B20A-139A-6D12-C98C-8D8981DA2E82}.Release|x64.ActiveCfg = Release|Any CPU
		{0305B20A-139A-6D12-C98C-8D8981DA2E82}.Release|x64.Build.0 = Release|Any CPU
		{0305B20A-139A-6D12-C98C-8D8981DA2E82}.Release|x86.ActiveCfg = Release|Any CPU
		{0305B20A-139A-6D12-C98C-8D8981DA2E82}.Release|x86.Build.0 = Release|Any CPU
		{73DC5625-E4E9-E477-FCF8-5DCAD649531C}.Debug|Any CPU.ActiveCfg = Debug|Any CPU
		{73DC5625-E4E9-E477-FCF8-5DCAD649531C}.Debug|Any CPU.Build.0 = Debug|Any CPU
		{73DC5625-E4E9-E477-FCF8-5DCAD649531C}.Debug|x64.ActiveCfg = Debug|Any CPU
		{73DC5625-E4E9-E477-FCF8-5DCAD649531C}.Debug|x64.Build.0 = Debug|Any CPU
		{73DC5625-E4E9-E477-FCF8-5DCAD649531C}.Debug|x86.ActiveCfg = Debug|Any CPU
		{73DC5625-E4E9-E477-FCF8-5DCAD649531C}.Debug|x86.Build.0 = Debug|Any CPU
		{73DC5625-E4E9-E477-FCF8-5DCAD649531C}.Release|Any CPU.ActiveCfg = Release|Any CPU
		{73DC5625-E4E9-E477-FCF8-5DCAD649531C}.Release|Any CPU.Build.0 = Release|Any CPU
		{73DC5625-E4E9-E477-FCF8-5DCAD649531C}.Release|x64.ActiveCfg = Release|Any CPU
		{73DC5625-E4E9-E477-FCF8-5DCAD649531C}.Release|x64.Build.0 = Release|Any CPU
		{73DC5625-E4E9-E477-FCF8-5DCAD649531C}.Release|x86.ActiveCfg = Release|Any CPU
		{73DC5625-E4E9-E477-FCF8-5DCAD649531C}.Release|x86.Build.0 = Release|Any CPU
		{6071E063-F13E-DB67-0589-C15F48214D3A}.Debug|Any CPU.ActiveCfg = Debug|Any CPU
		{6071E063-F13E-DB67-0589-C15F48214D3A}.Debug|Any CPU.Build.0 = Debug|Any CPU
		{6071E063-F13E-DB67-0589-C15F48214D3A}.Debug|x64.ActiveCfg = Debug|Any CPU
		{6071E063-F13E-DB67-0589-C15F48214D3A}.Debug|x64.Build.0 = Debug|Any CPU
		{6071E063-F13E-DB67-0589-C15F48214D3A}.Debug|x86.ActiveCfg = Debug|Any CPU
		{6071E063-F13E-DB67-0589-C15F48214D3A}.Debug|x86.Build.0 = Debug|Any CPU
		{6071E063-F13E-DB67-0589-C15F48214D3A}.Release|Any CPU.ActiveCfg = Release|Any CPU
		{6071E063-F13E-DB67-0589-C15F48214D3A}.Release|Any CPU.Build.0 = Release|Any CPU
		{6071E063-F13E-DB67-0589-C15F48214D3A}.Release|x64.ActiveCfg = Release|Any CPU
		{6071E063-F13E-DB67-0589-C15F48214D3A}.Release|x64.Build.0 = Release|Any CPU
		{6071E063-F13E-DB67-0589-C15F48214D3A}.Release|x86.ActiveCfg = Release|Any CPU
		{6071E063-F13E-DB67-0589-C15F48214D3A}.Release|x86.Build.0 = Release|Any CPU
		{4790D5AE-A18C-9F5F-4059-8379579D260A}.Debug|Any CPU.ActiveCfg = Debug|Any CPU
		{4790D5AE-A18C-9F5F-4059-8379579D260A}.Debug|Any CPU.Build.0 = Debug|Any CPU
		{4790D5AE-A18C-9F5F-4059-8379579D260A}.Debug|x64.ActiveCfg = Debug|Any CPU
		{4790D5AE-A18C-9F5F-4059-8379579D260A}.Debug|x64.Build.0 = Debug|Any CPU
		{4790D5AE-A18C-9F5F-4059-8379579D260A}.Debug|x86.ActiveCfg = Debug|Any CPU
		{4790D5AE-A18C-9F5F-4059-8379579D260A}.Debug|x86.Build.0 = Debug|Any CPU
		{4790D5AE-A18C-9F5F-4059-8379579D260A}.Release|Any CPU.ActiveCfg = Release|Any CPU
		{4790D5AE-A18C-9F5F-4059-8379579D260A}.Release|Any CPU.Build.0 = Release|Any CPU
		{4790D5AE-A18C-9F5F-4059-8379579D260A}.Release|x64.ActiveCfg = Release|Any CPU
		{4790D5AE-A18C-9F5F-4059-8379579D260A}.Release|x64.Build.0 = Release|Any CPU
		{4790D5AE-A18C-9F5F-4059-8379579D260A}.Release|x86.ActiveCfg = Release|Any CPU
		{4790D5AE-A18C-9F5F-4059-8379579D260A}.Release|x86.Build.0 = Release|Any CPU
		{89E66C36-12BE-210B-994D-637E06ECF0A5}.Debug|Any CPU.ActiveCfg = Debug|Any CPU
		{89E66C36-12BE-210B-994D-637E06ECF0A5}.Debug|Any CPU.Build.0 = Debug|Any CPU
		{89E66C36-12BE-210B-994D-637E06ECF0A5}.Debug|x64.ActiveCfg = Debug|Any CPU
		{89E66C36-12BE-210B-994D-637E06ECF0A5}.Debug|x64.Build.0 = Debug|Any CPU
		{89E66C36-12BE-210B-994D-637E06ECF0A5}.Debug|x86.ActiveCfg = Debug|Any CPU
		{89E66C36-12BE-210B-994D-637E06ECF0A5}.Debug|x86.Build.0 = Debug|Any CPU
		{89E66C36-12BE-210B-994D-637E06ECF0A5}.Release|Any CPU.ActiveCfg = Release|Any CPU
		{89E66C36-12BE-210B-994D-637E06ECF0A5}.Release|Any CPU.Build.0 = Release|Any CPU
		{89E66C36-12BE-210B-994D-637E06ECF0A5}.Release|x64.ActiveCfg = Release|Any CPU
		{89E66C36-12BE-210B-994D-637E06ECF0A5}.Release|x64.Build.0 = Release|Any CPU
		{89E66C36-12BE-210B-994D-637E06ECF0A5}.Release|x86.ActiveCfg = Release|Any CPU
		{89E66C36-12BE-210B-994D-637E06ECF0A5}.Release|x86.Build.0 = Release|Any CPU
		{741C2F02-F33E-8FA9-43FC-625D9666F29D}.Debug|Any CPU.ActiveCfg = Debug|Any CPU
		{741C2F02-F33E-8FA9-43FC-625D9666F29D}.Debug|Any CPU.Build.0 = Debug|Any CPU
		{741C2F02-F33E-8FA9-43FC-625D9666F29D}.Debug|x64.ActiveCfg = Debug|Any CPU
		{741C2F02-F33E-8FA9-43FC-625D9666F29D}.Debug|x64.Build.0 = Debug|Any CPU
		{741C2F02-F33E-8FA9-43FC-625D9666F29D}.Debug|x86.ActiveCfg = Debug|Any CPU
		{741C2F02-F33E-8FA9-43FC-625D9666F29D}.Debug|x86.Build.0 = Debug|Any CPU
		{741C2F02-F33E-8FA9-43FC-625D9666F29D}.Release|Any CPU.ActiveCfg = Release|Any CPU
		{741C2F02-F33E-8FA9-43FC-625D9666F29D}.Release|Any CPU.Build.0 = Release|Any CPU
		{741C2F02-F33E-8FA9-43FC-625D9666F29D}.Release|x64.ActiveCfg = Release|Any CPU
		{741C2F02-F33E-8FA9-43FC-625D9666F29D}.Release|x64.Build.0 = Release|Any CPU
		{741C2F02-F33E-8FA9-43FC-625D9666F29D}.Release|x86.ActiveCfg = Release|Any CPU
		{741C2F02-F33E-8FA9-43FC-625D9666F29D}.Release|x86.Build.0 = Release|Any CPU
		{3A2E0A8E-266D-EA65-D6EB-9DFFAE59B516}.Debug|Any CPU.ActiveCfg = Debug|Any CPU
		{3A2E0A8E-266D-EA65-D6EB-9DFFAE59B516}.Debug|Any CPU.Build.0 = Debug|Any CPU
		{3A2E0A8E-266D-EA65-D6EB-9DFFAE59B516}.Debug|x64.ActiveCfg = Debug|Any CPU
		{3A2E0A8E-266D-EA65-D6EB-9DFFAE59B516}.Debug|x64.Build.0 = Debug|Any CPU
		{3A2E0A8E-266D-EA65-D6EB-9DFFAE59B516}.Debug|x86.ActiveCfg = Debug|Any CPU
		{3A2E0A8E-266D-EA65-D6EB-9DFFAE59B516}.Debug|x86.Build.0 = Debug|Any CPU
		{3A2E0A8E-266D-EA65-D6EB-9DFFAE59B516}.Release|Any CPU.ActiveCfg = Release|Any CPU
		{3A2E0A8E-266D-EA65-D6EB-9DFFAE59B516}.Release|Any CPU.Build.0 = Release|Any CPU
		{3A2E0A8E-266D-EA65-D6EB-9DFFAE59B516}.Release|x64.ActiveCfg = Release|Any CPU
		{3A2E0A8E-266D-EA65-D6EB-9DFFAE59B516}.Release|x64.Build.0 = Release|Any CPU
		{3A2E0A8E-266D-EA65-D6EB-9DFFAE59B516}.Release|x86.ActiveCfg = Release|Any CPU
		{3A2E0A8E-266D-EA65-D6EB-9DFFAE59B516}.Release|x86.Build.0 = Release|Any CPU
		{D6E92DD2-D617-1F62-66F7-EE79A68C8E59}.Debug|Any CPU.ActiveCfg = Debug|Any CPU
		{D6E92DD2-D617-1F62-66F7-EE79A68C8E59}.Debug|Any CPU.Build.0 = Debug|Any CPU
		{D6E92DD2-D617-1F62-66F7-EE79A68C8E59}.Debug|x64.ActiveCfg = Debug|Any CPU
		{D6E92DD2-D617-1F62-66F7-EE79A68C8E59}.Debug|x64.Build.0 = Debug|Any CPU
		{D6E92DD2-D617-1F62-66F7-EE79A68C8E59}.Debug|x86.ActiveCfg = Debug|Any CPU
		{D6E92DD2-D617-1F62-66F7-EE79A68C8E59}.Debug|x86.Build.0 = Debug|Any CPU
		{D6E92DD2-D617-1F62-66F7-EE79A68C8E59}.Release|Any CPU.ActiveCfg = Release|Any CPU
		{D6E92DD2-D617-1F62-66F7-EE79A68C8E59}.Release|Any CPU.Build.0 = Release|Any CPU
		{D6E92DD2-D617-1F62-66F7-EE79A68C8E59}.Release|x64.ActiveCfg = Release|Any CPU
		{D6E92DD2-D617-1F62-66F7-EE79A68C8E59}.Release|x64.Build.0 = Release|Any CPU
		{D6E92DD2-D617-1F62-66F7-EE79A68C8E59}.Release|x86.ActiveCfg = Release|Any CPU
		{D6E92DD2-D617-1F62-66F7-EE79A68C8E59}.Release|x86.Build.0 = Release|Any CPU
		{497870EE-E17D-345D-4C5B-A29FB8CD04DC}.Debug|Any CPU.ActiveCfg = Debug|Any CPU
		{497870EE-E17D-345D-4C5B-A29FB8CD04DC}.Debug|Any CPU.Build.0 = Debug|Any CPU
		{497870EE-E17D-345D-4C5B-A29FB8CD04DC}.Debug|x64.ActiveCfg = Debug|Any CPU
		{497870EE-E17D-345D-4C5B-A29FB8CD04DC}.Debug|x64.Build.0 = Debug|Any CPU
		{497870EE-E17D-345D-4C5B-A29FB8CD04DC}.Debug|x86.ActiveCfg = Debug|Any CPU
		{497870EE-E17D-345D-4C5B-A29FB8CD04DC}.Debug|x86.Build.0 = Debug|Any CPU
		{497870EE-E17D-345D-4C5B-A29FB8CD04DC}.Release|Any CPU.ActiveCfg = Release|Any CPU
		{497870EE-E17D-345D-4C5B-A29FB8CD04DC}.Release|Any CPU.Build.0 = Release|Any CPU
		{497870EE-E17D-345D-4C5B-A29FB8CD04DC}.Release|x64.ActiveCfg = Release|Any CPU
		{497870EE-E17D-345D-4C5B-A29FB8CD04DC}.Release|x64.Build.0 = Release|Any CPU
		{497870EE-E17D-345D-4C5B-A29FB8CD04DC}.Release|x86.ActiveCfg = Release|Any CPU
		{497870EE-E17D-345D-4C5B-A29FB8CD04DC}.Release|x86.Build.0 = Release|Any CPU
		{DEF00A41-57CB-E3A3-B484-17FF4FAEBC89}.Debug|Any CPU.ActiveCfg = Debug|Any CPU
		{DEF00A41-57CB-E3A3-B484-17FF4FAEBC89}.Debug|Any CPU.Build.0 = Debug|Any CPU
		{DEF00A41-57CB-E3A3-B484-17FF4FAEBC89}.Debug|x64.ActiveCfg = Debug|Any CPU
		{DEF00A41-57CB-E3A3-B484-17FF4FAEBC89}.Debug|x64.Build.0 = Debug|Any CPU
		{DEF00A41-57CB-E3A3-B484-17FF4FAEBC89}.Debug|x86.ActiveCfg = Debug|Any CPU
		{DEF00A41-57CB-E3A3-B484-17FF4FAEBC89}.Debug|x86.Build.0 = Debug|Any CPU
		{DEF00A41-57CB-E3A3-B484-17FF4FAEBC89}.Release|Any CPU.ActiveCfg = Release|Any CPU
		{DEF00A41-57CB-E3A3-B484-17FF4FAEBC89}.Release|Any CPU.Build.0 = Release|Any CPU
		{DEF00A41-57CB-E3A3-B484-17FF4FAEBC89}.Release|x64.ActiveCfg = Release|Any CPU
		{DEF00A41-57CB-E3A3-B484-17FF4FAEBC89}.Release|x64.Build.0 = Release|Any CPU
		{DEF00A41-57CB-E3A3-B484-17FF4FAEBC89}.Release|x86.ActiveCfg = Release|Any CPU
		{DEF00A41-57CB-E3A3-B484-17FF4FAEBC89}.Release|x86.Build.0 = Release|Any CPU
		{278D0943-1A45-0DF4-0304-983D75567C90}.Debug|Any CPU.ActiveCfg = Debug|Any CPU
		{278D0943-1A45-0DF4-0304-983D75567C90}.Debug|Any CPU.Build.0 = Debug|Any CPU
		{278D0943-1A45-0DF4-0304-983D75567C90}.Debug|x64.ActiveCfg = Debug|Any CPU
		{278D0943-1A45-0DF4-0304-983D75567C90}.Debug|x64.Build.0 = Debug|Any CPU
		{278D0943-1A45-0DF4-0304-983D75567C90}.Debug|x86.ActiveCfg = Debug|Any CPU
		{278D0943-1A45-0DF4-0304-983D75567C90}.Debug|x86.Build.0 = Debug|Any CPU
		{278D0943-1A45-0DF4-0304-983D75567C90}.Release|Any CPU.ActiveCfg = Release|Any CPU
		{278D0943-1A45-0DF4-0304-983D75567C90}.Release|Any CPU.Build.0 = Release|Any CPU
		{278D0943-1A45-0DF4-0304-983D75567C90}.Release|x64.ActiveCfg = Release|Any CPU
		{278D0943-1A45-0DF4-0304-983D75567C90}.Release|x64.Build.0 = Release|Any CPU
		{278D0943-1A45-0DF4-0304-983D75567C90}.Release|x86.ActiveCfg = Release|Any CPU
		{278D0943-1A45-0DF4-0304-983D75567C90}.Release|x86.Build.0 = Release|Any CPU
		{5737C31F-C587-A705-3858-D9F046DAECC3}.Debug|Any CPU.ActiveCfg = Debug|Any CPU
		{5737C31F-C587-A705-3858-D9F046DAECC3}.Debug|Any CPU.Build.0 = Debug|Any CPU
		{5737C31F-C587-A705-3858-D9F046DAECC3}.Debug|x64.ActiveCfg = Debug|Any CPU
		{5737C31F-C587-A705-3858-D9F046DAECC3}.Debug|x64.Build.0 = Debug|Any CPU
		{5737C31F-C587-A705-3858-D9F046DAECC3}.Debug|x86.ActiveCfg = Debug|Any CPU
		{5737C31F-C587-A705-3858-D9F046DAECC3}.Debug|x86.Build.0 = Debug|Any CPU
		{5737C31F-C587-A705-3858-D9F046DAECC3}.Release|Any CPU.ActiveCfg = Release|Any CPU
		{5737C31F-C587-A705-3858-D9F046DAECC3}.Release|Any CPU.Build.0 = Release|Any CPU
		{5737C31F-C587-A705-3858-D9F046DAECC3}.Release|x64.ActiveCfg = Release|Any CPU
		{5737C31F-C587-A705-3858-D9F046DAECC3}.Release|x64.Build.0 = Release|Any CPU
		{5737C31F-C587-A705-3858-D9F046DAECC3}.Release|x86.ActiveCfg = Release|Any CPU
		{5737C31F-C587-A705-3858-D9F046DAECC3}.Release|x86.Build.0 = Release|Any CPU
		{7585371D-B90C-34DE-CEE0-5DCA8CE629FC}.Debug|Any CPU.ActiveCfg = Debug|Any CPU
		{7585371D-B90C-34DE-CEE0-5DCA8CE629FC}.Debug|Any CPU.Build.0 = Debug|Any CPU
		{7585371D-B90C-34DE-CEE0-5DCA8CE629FC}.Debug|x64.ActiveCfg = Debug|Any CPU
		{7585371D-B90C-34DE-CEE0-5DCA8CE629FC}.Debug|x64.Build.0 = Debug|Any CPU
		{7585371D-B90C-34DE-CEE0-5DCA8CE629FC}.Debug|x86.ActiveCfg = Debug|Any CPU
		{7585371D-B90C-34DE-CEE0-5DCA8CE629FC}.Debug|x86.Build.0 = Debug|Any CPU
		{7585371D-B90C-34DE-CEE0-5DCA8CE629FC}.Release|Any CPU.ActiveCfg = Release|Any CPU
		{7585371D-B90C-34DE-CEE0-5DCA8CE629FC}.Release|Any CPU.Build.0 = Release|Any CPU
		{7585371D-B90C-34DE-CEE0-5DCA8CE629FC}.Release|x64.ActiveCfg = Release|Any CPU
		{7585371D-B90C-34DE-CEE0-5DCA8CE629FC}.Release|x64.Build.0 = Release|Any CPU
		{7585371D-B90C-34DE-CEE0-5DCA8CE629FC}.Release|x86.ActiveCfg = Release|Any CPU
		{7585371D-B90C-34DE-CEE0-5DCA8CE629FC}.Release|x86.Build.0 = Release|Any CPU
		{5D5EC69F-BF42-6737-49A5-6B6D74CD81E9}.Debug|Any CPU.ActiveCfg = Debug|Any CPU
		{5D5EC69F-BF42-6737-49A5-6B6D74CD81E9}.Debug|Any CPU.Build.0 = Debug|Any CPU
		{5D5EC69F-BF42-6737-49A5-6B6D74CD81E9}.Debug|x64.ActiveCfg = Debug|Any CPU
		{5D5EC69F-BF42-6737-49A5-6B6D74CD81E9}.Debug|x64.Build.0 = Debug|Any CPU
		{5D5EC69F-BF42-6737-49A5-6B6D74CD81E9}.Debug|x86.ActiveCfg = Debug|Any CPU
		{5D5EC69F-BF42-6737-49A5-6B6D74CD81E9}.Debug|x86.Build.0 = Debug|Any CPU
		{5D5EC69F-BF42-6737-49A5-6B6D74CD81E9}.Release|Any CPU.ActiveCfg = Release|Any CPU
		{5D5EC69F-BF42-6737-49A5-6B6D74CD81E9}.Release|Any CPU.Build.0 = Release|Any CPU
		{5D5EC69F-BF42-6737-49A5-6B6D74CD81E9}.Release|x64.ActiveCfg = Release|Any CPU
		{5D5EC69F-BF42-6737-49A5-6B6D74CD81E9}.Release|x64.Build.0 = Release|Any CPU
		{5D5EC69F-BF42-6737-49A5-6B6D74CD81E9}.Release|x86.ActiveCfg = Release|Any CPU
		{5D5EC69F-BF42-6737-49A5-6B6D74CD81E9}.Release|x86.Build.0 = Release|Any CPU
	EndGlobalSection
	GlobalSection(SolutionProperties) = preSolution
		HideSolutionNode = FALSE
	EndGlobalSection
	GlobalSection(NestedProjects) = preSolution
		{7A5E6675-7347-47F1-98F8-C8096D015224} = {827E0CD3-B72D-47B6-A68D-7590B98EB39B}
		{2E7081C0-4C6E-7E49-CCD0-DBC421D01276} = {827E0CD3-B72D-47B6-A68D-7590B98EB39B}
		{E13F36AB-4F2E-4FFC-9DBA-03E12BB13AE6} = {2E7081C0-4C6E-7E49-CCD0-DBC421D01276}
		{9955787F-3115-425D-B921-01EB49AABFE4} = {2E7081C0-4C6E-7E49-CCD0-DBC421D01276}
		{48E3C29E-FBC2-41D8-B7FC-0ADD39B00EB0} = {2E7081C0-4C6E-7E49-CCD0-DBC421D01276}
		{F17D632A-DA7F-3D6C-82B6-3E89B9D07421} = {827E0CD3-B72D-47B6-A68D-7590B98EB39B}
		{C6824BC8-BD5D-21EB-BD68-C55093095D4C} = {F17D632A-DA7F-3D6C-82B6-3E89B9D07421}
		{FC0C45B5-24A0-4158-8071-CB05C8F94FDE} = {C6824BC8-BD5D-21EB-BD68-C55093095D4C}
		{2D30BC50-E162-C724-D146-2DE849C68D62} = {F17D632A-DA7F-3D6C-82B6-3E89B9D07421}
		{76C30676-CB96-4A52-8DBB-0493D932AC7F} = {2D30BC50-E162-C724-D146-2DE849C68D62}
		{9C1A2F02-3C4A-8B19-1F55-307C8C0EB750} = {F17D632A-DA7F-3D6C-82B6-3E89B9D07421}
		{670E339B-0920-4807-86C3-5B0487362A7A} = {9C1A2F02-3C4A-8B19-1F55-307C8C0EB750}
		{CABDA183-59E9-B746-EE84-8B29C1DD3CC2} = {F17D632A-DA7F-3D6C-82B6-3E89B9D07421}
		{2736F8CD-ECA8-42CB-AD8E-4A8D65519DFA} = {CABDA183-59E9-B746-EE84-8B29C1DD3CC2}
		{A1B2C3D4-E5F6-7890-1234-567890ABCDEF} = {CABDA183-59E9-B746-EE84-8B29C1DD3CC2}
		{AC49B73B-41EF-4A7E-8A46-6AFD1B0D1167} = {CABDA183-59E9-B746-EE84-8B29C1DD3CC2}
		{2155B2EC-3CB1-42E7-95A9-D314BC016BDC} = {9C1A2F02-3C4A-8B19-1F55-307C8C0EB750}
		{CBE9A8BC-A0DC-49A7-8E45-8BDC10D6D9DD} = {9C1A2F02-3C4A-8B19-1F55-307C8C0EB750}
		{A1B2C3D4-E5F6-7890-ABCD-EF1234567890} = {F17D632A-DA7F-3D6C-82B6-3E89B9D07421}
		{7795ADAD-910E-7018-FAA8-A8D618669EF1} = {A1B2C3D4-E5F6-7890-ABCD-EF1234567890}
		{EF6EACCE-2C60-935F-83DD-392635462F48} = {A1B2C3D4-E5F6-7890-ABCD-EF1234567890}
		{93F21F58-E017-7726-0A33-8BB6D83842ED} = {A1B2C3D4-E5F6-7890-ABCD-EF1234567890}
		{5E1B2099-9F71-853A-C7A3-81BADB31A7D4} = {F17D632A-DA7F-3D6C-82B6-3E89B9D07421}
		{2F0AD775-5CB2-4A22-BDF5-C68E74753A0D} = {5E1B2099-9F71-853A-C7A3-81BADB31A7D4}
		{41E39A39-E94D-4AAB-8500-DBD59F8C4953} = {5E1B2099-9F71-853A-C7A3-81BADB31A7D4}
		{E4E44FD9-7048-4CD7-AB0F-AD72839D1130} = {5E1B2099-9F71-853A-C7A3-81BADB31A7D4}
		{0BBC4923-D19B-4985-668A-5937AB7F1B92} = {F17D632A-DA7F-3D6C-82B6-3E89B9D07421}
		{3C9C56E7-9C09-41B1-8998-2677159BB5D3} = {0BBC4923-D19B-4985-668A-5937AB7F1B92}
		{ECA4A2CD-AFA2-4179-8BB6-732290F093E0} = {0BBC4923-D19B-4985-668A-5937AB7F1B92}
		{B883E5BC-F639-4EA9-81C3-E69149803606} = {0BBC4923-D19B-4985-668A-5937AB7F1B92}
		{144D2576-319E-BA34-EBD8-0BBD66AD51F8} = {F17D632A-DA7F-3D6C-82B6-3E89B9D07421}
		{F59860BD-6EDB-4B78-8983-3CE7194AFA15} = {144D2576-319E-BA34-EBD8-0BBD66AD51F8}
		{0B781F9B-5CC4-4E57-8818-F706074F615B} = {144D2576-319E-BA34-EBD8-0BBD66AD51F8}
		{376419D0-81D0-46F0-A802-61F593F9BCC7} = {144D2576-319E-BA34-EBD8-0BBD66AD51F8}
		{7A933E50-87F5-8D29-C085-97DBED399564} = {F17D632A-DA7F-3D6C-82B6-3E89B9D07421}
		{35542316-5689-4CF9-B146-269818971476} = {7A933E50-87F5-8D29-C085-97DBED399564}
		{9CB78B82-7B2A-454C-9B54-11103089BBB8} = {7A933E50-87F5-8D29-C085-97DBED399564}
		{7382F5E7-0EC7-4EDD-B496-1A9E56FC8246} = {7A933E50-87F5-8D29-C085-97DBED399564}
		{962E6361-BD90-9A18-96AE-6AD753207395} = {C6824BC8-BD5D-21EB-BD68-C55093095D4C}
		{463CC66E-B8BD-C5EA-A255-0A68F00670DC} = {C6824BC8-BD5D-21EB-BD68-C55093095D4C}
		{40C6864B-4D36-3474-DBC4-7FBCDC4A900F} = {2D30BC50-E162-C724-D146-2DE849C68D62}
		{26544D3B-3BD2-748E-5026-EBA57F2B27A0} = {2D30BC50-E162-C724-D146-2DE849C68D62}
		{71B82C4B-16D5-2BA6-BC7E-463776147F3A} = {02EA681E-C7D8-13C7-8484-4AC65E1B71E8}
		{02EA681E-C7D8-13C7-8484-4AC65E1B71E8} = {827E0CD3-B72D-47B6-A68D-7590B98EB39B}
		{67B1A3C5-529B-4D72-C768-5D32727B8908} = {02EA681E-C7D8-13C7-8484-4AC65E1B71E8}
		{5CC468AF-1E40-6EB1-4B9D-0A08756BF1AE} = {02EA681E-C7D8-13C7-8484-4AC65E1B71E8}
		{232C552D-4517-BF4A-D04E-7557FC663290} = {02EA681E-C7D8-13C7-8484-4AC65E1B71E8}
		{02AD31EB-CB97-4C9A-B722-17E14D8594F0} = {F17D632A-DA7F-3D6C-82B6-3E89B9D07421}
		{D45F6E7F-CEBE-9F3C-17BD-2A4342776711} = {02AD31EB-CB97-4C9A-B722-17E14D8594F0}
		{A2B8FD18-CEEE-1FFC-9209-7275BA13145B} = {02AD31EB-CB97-4C9A-B722-17E14D8594F0}
		{74EF6297-DCFC-04F4-1A33-46D9A6CB113B} = {02AD31EB-CB97-4C9A-B722-17E14D8594F0}
		{50279FB4-B9C4-4244-9014-BC13227B8C35} = {F17D632A-DA7F-3D6C-82B6-3E89B9D07421}
		{378B4483-2F1B-4456-B459-DAC8B14E86B1} = {F17D632A-DA7F-3D6C-82B6-3E89B9D07421}
		{4705AB63-FFFD-4FE1-8313-D2C097EFF94F} = {F17D632A-DA7F-3D6C-82B6-3E89B9D07421}
		{FCCA54C6-F3C3-4A50-80D6-C52C24E074E1} = {F17D632A-DA7F-3D6C-82B6-3E89B9D07421}
		{307C2CC4-F543-B3B0-74F7-55E85D83313D} = {50279FB4-B9C4-4244-9014-BC13227B8C35}
		{0305B20A-139A-6D12-C98C-8D8981DA2E82} = {50279FB4-B9C4-4244-9014-BC13227B8C35}
		{73DC5625-E4E9-E477-FCF8-5DCAD649531C} = {50279FB4-B9C4-4244-9014-BC13227B8C35}
		{6071E063-F13E-DB67-0589-C15F48214D3A} = {378B4483-2F1B-4456-B459-DAC8B14E86B1}
		{4790D5AE-A18C-9F5F-4059-8379579D260A} = {378B4483-2F1B-4456-B459-DAC8B14E86B1}
		{89E66C36-12BE-210B-994D-637E06ECF0A5} = {378B4483-2F1B-4456-B459-DAC8B14E86B1}
		{741C2F02-F33E-8FA9-43FC-625D9666F29D} = {4705AB63-FFFD-4FE1-8313-D2C097EFF94F}
		{3A2E0A8E-266D-EA65-D6EB-9DFFAE59B516} = {4705AB63-FFFD-4FE1-8313-D2C097EFF94F}
		{D6E92DD2-D617-1F62-66F7-EE79A68C8E59} = {4705AB63-FFFD-4FE1-8313-D2C097EFF94F}
		{497870EE-E17D-345D-4C5B-A29FB8CD04DC} = {FCCA54C6-F3C3-4A50-80D6-C52C24E074E1}
		{DEF00A41-57CB-E3A3-B484-17FF4FAEBC89} = {FCCA54C6-F3C3-4A50-80D6-C52C24E074E1}
		{278D0943-1A45-0DF4-0304-983D75567C90} = {FCCA54C6-F3C3-4A50-80D6-C52C24E074E1}
		{BC6B1C02-D517-48C3-BF04-BD7BFE1EE180} = {F17D632A-DA7F-3D6C-82B6-3E89B9D07421}
		{5737C31F-C587-A705-3858-D9F046DAECC3} = {BC6B1C02-D517-48C3-BF04-BD7BFE1EE180}
		{7585371D-B90C-34DE-CEE0-5DCA8CE629FC} = {BC6B1C02-D517-48C3-BF04-BD7BFE1EE180}
		{5D5EC69F-BF42-6737-49A5-6B6D74CD81E9} = {BC6B1C02-D517-48C3-BF04-BD7BFE1EE180}
	EndGlobalSection
	GlobalSection(ExtensibilityGlobals) = postSolution
		SolutionGuid = {17F9E937-696C-4F83-849A-E61E20B59272}
	EndGlobalSection
EndGlobal
