
Microsoft Visual Studio Solution File, Format Version 12.00
# Visual Studio Version 17
VisualStudioVersion = 17.0.31903.59
MinimumVisualStudioVersion = 10.0.40219.1
Project("{2150E333-8FDC-42A3-9474-1A3956D46DE8}") = "src", "src", "{827E0CD3-B72D-47B6-A68D-7590B98EB39B}"
EndProject
Project("{FAE04EC0-301F-11D3-BF4B-00C04F79EFBC}") = "Agriis.Api", "src\Agriis.Api\Agriis.Api.csproj", "{7A5E6675-7347-47F1-98F8-C8096D015224}"
EndProject
Project("{2150E333-8FDC-42A3-9474-1A3956D46DE8}") = "Agriis.Compartilhado", "Agriis.Compartilhado", "{2E7081C0-4C6E-7E49-CCD0-DBC421D01276}"
EndProject
Project("{FAE04EC0-301F-11D3-BF4B-00C04F79EFBC}") = "Agriis.Compartilhado.Dominio", "src\Agriis.Compartilhado\Agriis.Compartilhado.Dominio\Agriis.Compartilhado.Dominio.csproj", "{E13F36AB-4F2E-4FFC-9DBA-03E12BB13AE6}"
EndProject
Project("{FAE04EC0-301F-11D3-BF4B-00C04F79EFBC}") = "Agriis.Compartilhado.Aplicacao", "src\Agriis.Compartilhado\Agriis.Compartilhado.Aplicacao\Agriis.Compartilhado.Aplicacao.csproj", "{9955787F-3115-425D-B921-01EB49AABFE4}"
EndProject
Project("{FAE04EC0-301F-11D3-BF4B-00C04F79EFBC}") = "Agriis.Compartilhado.Infraestrutura", "src\Agriis.Compartilhado\Agriis.Compartilhado.Infraestrutura\Agriis.Compartilhado.Infraestrutura.csproj", "{48E3C29E-FBC2-41D8-B7FC-0ADD39B00EB0}"
EndProject
Project("{2150E333-8FDC-42A3-9474-1A3956D46DE8}") = "Modulos", "Modulos", "{F17D632A-DA7F-3D6C-82B6-3E89B9D07421}"
EndProject
Project("{2150E333-8FDC-42A3-9474-1A3956D46DE8}") = "Autenticacao", "Autenticacao", "{C6824BC8-BD5D-21EB-BD68-C55093095D4C}"
EndProject
Project("{FAE04EC0-301F-11D3-BF4B-00C04F79EFBC}") = "Agriis.Autenticacao.Dominio", "src\Modulos\Autenticacao\Agriis.Autenticacao.Dominio\Agriis.Autenticacao.Dominio.csproj", "{FC0C45B5-24A0-4158-8071-CB05C8F94FDE}"
EndProject
Project("{2150E333-8FDC-42A3-9474-1A3956D46DE8}") = "Produtores", "Produtores", "{2D30BC50-E162-C724-D146-2DE849C68D62}"
EndProject
Project("{FAE04EC0-301F-11D3-BF4B-00C04F79EFBC}") = "Agriis.Produtores.Dominio", "src\Modulos\Produtores\Agriis.Produtores.Dominio\Agriis.Produtores.Dominio.csproj", "{76C30676-CB96-4A52-8DBB-0493D932AC7F}"
EndProject
Project("{2150E333-8FDC-42A3-9474-1A3956D46DE8}") = "Fornecedores", "Fornecedores", "{9C1A2F02-3C4A-8B19-1F55-307C8C0EB750}"
EndProject
Project("{FAE04EC0-301F-11D3-BF4B-00C04F79EFBC}") = "Agriis.Fornecedores.Dominio", "src\Modulos\Fornecedores\Agriis.Fornecedores.Dominio\Agriis.Fornecedores.Dominio.csproj", "{670E339B-0920-4807-86C3-5B0487362A7A}"
EndProject
Project("{2150E333-8FDC-42A3-9474-1A3956D46DE8}") = "Pedidos", "Pedidos", "{CABDA183-59E9-B746-EE84-8B29C1DD3CC2}"
EndProject
Project("{FAE04EC0-301F-11D3-BF4B-00C04F79EFBC}") = "Agriis.Pedidos.Dominio", "src\Modulos\Pedidos\Agriis.Pedidos.Dominio\Agriis.Pedidos.Dominio.csproj", "{2736F8CD-ECA8-42CB-AD8E-4A8D65519DFA}"
EndProject
Project("{FAE04EC0-301F-11D3-BF4B-00C04F79EFBC}") = "Agriis.Fornecedores.Aplicacao", "src\Modulos\Fornecedores\Agriis.Fornecedores.Aplicacao\Agriis.Fornecedores.Aplicacao.csproj", "{2155B2EC-3CB1-42E7-95A9-D314BC016BDC}"
EndProject
Project("{FAE04EC0-301F-11D3-BF4B-00C04F79EFBC}") = "Agriis.Fornecedores.Infraestrutura", "src\Modulos\Fornecedores\Agriis.Fornecedores.Infraestrutura\Agriis.Fornecedores.Infraestrutura.csproj", "{CBE9A8BC-A0DC-49A7-8E45-8BDC10D6D9DD}"
EndProject
Global
	GlobalSection(SolutionConfigurationPlatforms) = preSolution
		Debug|Any CPU = Debug|Any CPU
		Debug|x64 = Debug|x64
		Debug|x86 = Debug|x86
		Release|Any CPU = Release|Any CPU
		Release|x64 = Release|x64
		Release|x86 = Release|x86
	EndGlobalSection
	GlobalSection(ProjectConfigurationPlatforms) = postSolution
		{7A5E6675-7347-47F1-98F8-C8096D015224}.Debug|Any CPU.ActiveCfg = Debug|Any CPU
		{7A5E6675-7347-47F1-98F8-C8096D015224}.Debug|Any CPU.Build.0 = Debug|Any CPU
		{7A5E6675-7347-47F1-98F8-C8096D015224}.Debug|x64.ActiveCfg = Debug|Any CPU
		{7A5E6675-7347-47F1-98F8-C8096D015224}.Debug|x64.Build.0 = Debug|Any CPU
		{7A5E6675-7347-47F1-98F8-C8096D015224}.Debug|x86.ActiveCfg = Debug|Any CPU
		{7A5E6675-7347-47F1-98F8-C8096D015224}.Debug|x86.Build.0 = Debug|Any CPU
		{7A5E6675-7347-47F1-98F8-C8096D015224}.Release|Any CPU.ActiveCfg = Release|Any CPU
		{7A5E6675-7347-47F1-98F8-C8096D015224}.Release|Any CPU.Build.0 = Release|Any CPU
		{7A5E6675-7347-47F1-98F8-C8096D015224}.Release|x64.ActiveCfg = Release|Any CPU
		{7A5E6675-7347-47F1-98F8-C8096D015224}.Release|x64.Build.0 = Release|Any CPU
		{7A5E6675-7347-47F1-98F8-C8096D015224}.Release|x86.ActiveCfg = Release|Any CPU
		{7A5E6675-7347-47F1-98F8-C8096D015224}.Release|x86.Build.0 = Release|Any CPU
		{E13F36AB-4F2E-4FFC-9DBA-03E12BB13AE6}.Debug|Any CPU.ActiveCfg = Debug|Any CPU
		{E13F36AB-4F2E-4FFC-9DBA-03E12BB13AE6}.Debug|Any CPU.Build.0 = Debug|Any CPU
		{E13F36AB-4F2E-4FFC-9DBA-03E12BB13AE6}.Debug|x64.ActiveCfg = Debug|Any CPU
		{E13F36AB-4F2E-4FFC-9DBA-03E12BB13AE6}.Debug|x64.Build.0 = Debug|Any CPU
		{E13F36AB-4F2E-4FFC-9DBA-03E12BB13AE6}.Debug|x86.ActiveCfg = Debug|Any CPU
		{E13F36AB-4F2E-4FFC-9DBA-03E12BB13AE6}.Debug|x86.Build.0 = Debug|Any CPU
		{E13F36AB-4F2E-4FFC-9DBA-03E12BB13AE6}.Release|Any CPU.ActiveCfg = Release|Any CPU
		{E13F36AB-4F2E-4FFC-9DBA-03E12BB13AE6}.Release|Any CPU.Build.0 = Release|Any CPU
		{E13F36AB-4F2E-4FFC-9DBA-03E12BB13AE6}.Release|x64.ActiveCfg = Release|Any CPU
		{E13F36AB-4F2E-4FFC-9DBA-03E12BB13AE6}.Release|x64.Build.0 = Release|Any CPU
		{E13F36AB-4F2E-4FFC-9DBA-03E12BB13AE6}.Release|x86.ActiveCfg = Release|Any CPU
		{E13F36AB-4F2E-4FFC-9DBA-03E12BB13AE6}.Release|x86.Build.0 = Release|Any CPU
		{9955787F-3115-425D-B921-01EB49AABFE4}.Debug|Any CPU.ActiveCfg = Debug|Any CPU
		{9955787F-3115-425D-B921-01EB49AABFE4}.Debug|Any CPU.Build.0 = Debug|Any CPU
		{9955787F-3115-425D-B921-01EB49AABFE4}.Debug|x64.ActiveCfg = Debug|Any CPU
		{9955787F-3115-425D-B921-01EB49AABFE4}.Debug|x64.Build.0 = Debug|Any CPU
		{9955787F-3115-425D-B921-01EB49AABFE4}.Debug|x86.ActiveCfg = Debug|Any CPU
		{9955787F-3115-425D-B921-01EB49AABFE4}.Debug|x86.Build.0 = Debug|Any CPU
		{9955787F-3115-425D-B921-01EB49AABFE4}.Release|Any CPU.ActiveCfg = Release|Any CPU
		{9955787F-3115-425D-B921-01EB49AABFE4}.Release|Any CPU.Build.0 = Release|Any CPU
		{9955787F-3115-425D-B921-01EB49AABFE4}.Release|x64.ActiveCfg = Release|Any CPU
		{9955787F-3115-425D-B921-01EB49AABFE4}.Release|x64.Build.0 = Release|Any CPU
		{9955787F-3115-425D-B921-01EB49AABFE4}.Release|x86.ActiveCfg = Release|Any CPU
		{9955787F-3115-425D-B921-01EB49AABFE4}.Release|x86.Build.0 = Release|Any CPU
		{48E3C29E-FBC2-41D8-B7FC-0ADD39B00EB0}.Debug|Any CPU.ActiveCfg = Debug|Any CPU
		{48E3C29E-FBC2-41D8-B7FC-0ADD39B00EB0}.Debug|Any CPU.Build.0 = Debug|Any CPU
		{48E3C29E-FBC2-41D8-B7FC-0ADD39B00EB0}.Debug|x64.ActiveCfg = Debug|Any CPU
		{48E3C29E-FBC2-41D8-B7FC-0ADD39B00EB0}.Debug|x64.Build.0 = Debug|Any CPU
		{48E3C29E-FBC2-41D8-B7FC-0ADD39B00EB0}.Debug|x86.ActiveCfg = Debug|Any CPU
		{48E3C29E-FBC2-41D8-B7FC-0ADD39B00EB0}.Debug|x86.Build.0 = Debug|Any CPU
		{48E3C29E-FBC2-41D8-B7FC-0ADD39B00EB0}.Release|Any CPU.ActiveCfg = Release|Any CPU
		{48E3C29E-FBC2-41D8-B7FC-0ADD39B00EB0}.Release|Any CPU.Build.0 = Release|Any CPU
		{48E3C29E-FBC2-41D8-B7FC-0ADD39B00EB0}.Release|x64.ActiveCfg = Release|Any CPU
		{48E3C29E-FBC2-41D8-B7FC-0ADD39B00EB0}.Release|x64.Build.0 = Release|Any CPU
		{48E3C29E-FBC2-41D8-B7FC-0ADD39B00EB0}.Release|x86.ActiveCfg = Release|Any CPU
		{48E3C29E-FBC2-41D8-B7FC-0ADD39B00EB0}.Release|x86.Build.0 = Release|Any CPU
		{FC0C45B5-24A0-4158-8071-CB05C8F94FDE}.Debug|Any CPU.ActiveCfg = Debug|Any CPU
		{FC0C45B5-24A0-4158-8071-CB05C8F94FDE}.Debug|Any CPU.Build.0 = Debug|Any CPU
		{FC0C45B5-24A0-4158-8071-CB05C8F94FDE}.Debug|x64.ActiveCfg = Debug|Any CPU
		{FC0C45B5-24A0-4158-8071-CB05C8F94FDE}.Debug|x64.Build.0 = Debug|Any CPU
		{FC0C45B5-24A0-4158-8071-CB05C8F94FDE}.Debug|x86.ActiveCfg = Debug|Any CPU
		{FC0C45B5-24A0-4158-8071-CB05C8F94FDE}.Debug|x86.Build.0 = Debug|Any CPU
		{FC0C45B5-24A0-4158-8071-CB05C8F94FDE}.Release|Any CPU.ActiveCfg = Release|Any CPU
		{FC0C45B5-24A0-4158-8071-CB05C8F94FDE}.Release|Any CPU.Build.0 = Release|Any CPU
		{FC0C45B5-24A0-4158-8071-CB05C8F94FDE}.Release|x64.ActiveCfg = Release|Any CPU
		{FC0C45B5-24A0-4158-8071-CB05C8F94FDE}.Release|x64.Build.0 = Release|Any CPU
		{FC0C45B5-24A0-4158-8071-CB05C8F94FDE}.Release|x86.ActiveCfg = Release|Any CPU
		{FC0C45B5-24A0-4158-8071-CB05C8F94FDE}.Release|x86.Build.0 = Release|Any CPU
		{76C30676-CB96-4A52-8DBB-0493D932AC7F}.Debug|Any CPU.ActiveCfg = Debug|Any CPU
		{76C30676-CB96-4A52-8DBB-0493D932AC7F}.Debug|Any CPU.Build.0 = Debug|Any CPU
		{76C30676-CB96-4A52-8DBB-0493D932AC7F}.Debug|x64.ActiveCfg = Debug|Any CPU
		{76C30676-CB96-4A52-8DBB-0493D932AC7F}.Debug|x64.Build.0 = Debug|Any CPU
		{76C30676-CB96-4A52-8DBB-0493D932AC7F}.Debug|x86.ActiveCfg = Debug|Any CPU
		{76C30676-CB96-4A52-8DBB-0493D932AC7F}.Debug|x86.Build.0 = Debug|Any CPU
		{76C30676-CB96-4A52-8DBB-0493D932AC7F}.Release|Any CPU.ActiveCfg = Release|Any CPU
		{76C30676-CB96-4A52-8DBB-0493D932AC7F}.Release|Any CPU.Build.0 = Release|Any CPU
		{76C30676-CB96-4A52-8DBB-0493D932AC7F}.Release|x64.ActiveCfg = Release|Any CPU
		{76C30676-CB96-4A52-8DBB-0493D932AC7F}.Release|x64.Build.0 = Release|Any CPU
		{76C30676-CB96-4A52-8DBB-0493D932AC7F}.Release|x86.ActiveCfg = Release|Any CPU
		{76C30676-CB96-4A52-8DBB-0493D932AC7F}.Release|x86.Build.0 = Release|Any CPU
		{670E339B-0920-4807-86C3-5B0487362A7A}.Debug|Any CPU.ActiveCfg = Debug|Any CPU
		{670E339B-0920-4807-86C3-5B0487362A7A}.Debug|Any CPU.Build.0 = Debug|Any CPU
		{670E339B-0920-4807-86C3-5B0487362A7A}.Debug|x64.ActiveCfg = Debug|Any CPU
		{670E339B-0920-4807-86C3-5B0487362A7A}.Debug|x64.Build.0 = Debug|Any CPU
		{670E339B-0920-4807-86C3-5B0487362A7A}.Debug|x86.ActiveCfg = Debug|Any CPU
		{670E339B-0920-4807-86C3-5B0487362A7A}.Debug|x86.Build.0 = Debug|Any CPU
		{670E339B-0920-4807-86C3-5B0487362A7A}.Release|Any CPU.ActiveCfg = Release|Any CPU
		{670E339B-0920-4807-86C3-5B0487362A7A}.Release|Any CPU.Build.0 = Release|Any CPU
		{670E339B-0920-4807-86C3-5B0487362A7A}.Release|x64.ActiveCfg = Release|Any CPU
		{670E339B-0920-4807-86C3-5B0487362A7A}.Release|x64.Build.0 = Release|Any CPU
		{670E339B-0920-4807-86C3-5B0487362A7A}.Release|x86.ActiveCfg = Release|Any CPU
		{670E339B-0920-4807-86C3-5B0487362A7A}.Release|x86.Build.0 = Release|Any CPU
		{2736F8CD-ECA8-42CB-AD8E-4A8D65519DFA}.Debug|Any CPU.ActiveCfg = Debug|Any CPU
		{2736F8CD-ECA8-42CB-AD8E-4A8D65519DFA}.Debug|Any CPU.Build.0 = Debug|Any CPU
		{2736F8CD-ECA8-42CB-AD8E-4A8D65519DFA}.Debug|x64.ActiveCfg = Debug|Any CPU
		{2736F8CD-ECA8-42CB-AD8E-4A8D65519DFA}.Debug|x64.Build.0 = Debug|Any CPU
		{2736F8CD-ECA8-42CB-AD8E-4A8D65519DFA}.Debug|x86.ActiveCfg = Debug|Any CPU
		{2736F8CD-ECA8-42CB-AD8E-4A8D65519DFA}.Debug|x86.Build.0 = Debug|Any CPU
		{2736F8CD-ECA8-42CB-AD8E-4A8D65519DFA}.Release|Any CPU.ActiveCfg = Release|Any CPU
		{2736F8CD-ECA8-42CB-AD8E-4A8D65519DFA}.Release|Any CPU.Build.0 = Release|Any CPU
		{2736F8CD-ECA8-42CB-AD8E-4A8D65519DFA}.Release|x64.ActiveCfg = Release|Any CPU
		{2736F8CD-ECA8-42CB-AD8E-4A8D65519DFA}.Release|x64.Build.0 = Release|Any CPU
		{2736F8CD-ECA8-42CB-AD8E-4A8D65519DFA}.Release|x86.ActiveCfg = Release|Any CPU
		{2736F8CD-ECA8-42CB-AD8E-4A8D65519DFA}.Release|x86.Build.0 = Release|Any CPU
		{2155B2EC-3CB1-42E7-95A9-D314BC016BDC}.Debug|Any CPU.ActiveCfg = Debug|Any CPU
		{2155B2EC-3CB1-42E7-95A9-D314BC016BDC}.Debug|Any CPU.Build.0 = Debug|Any CPU
		{2155B2EC-3CB1-42E7-95A9-D314BC016BDC}.Debug|x64.ActiveCfg = Debug|Any CPU
		{2155B2EC-3CB1-42E7-95A9-D314BC016BDC}.Debug|x64.Build.0 = Debug|Any CPU
		{2155B2EC-3CB1-42E7-95A9-D314BC016BDC}.Debug|x86.ActiveCfg = Debug|Any CPU
		{2155B2EC-3CB1-42E7-95A9-D314BC016BDC}.Debug|x86.Build.0 = Debug|Any CPU
		{2155B2EC-3CB1-42E7-95A9-D314BC016BDC}.Release|Any CPU.ActiveCfg = Release|Any CPU
		{2155B2EC-3CB1-42E7-95A9-D314BC016BDC}.Release|Any CPU.Build.0 = Release|Any CPU
		{2155B2EC-3CB1-42E7-95A9-D314BC016BDC}.Release|x64.ActiveCfg = Release|Any CPU
		{2155B2EC-3CB1-42E7-95A9-D314BC016BDC}.Release|x64.Build.0 = Release|Any CPU
		{2155B2EC-3CB1-42E7-95A9-D314BC016BDC}.Release|x86.ActiveCfg = Release|Any CPU
		{2155B2EC-3CB1-42E7-95A9-D314BC016BDC}.Release|x86.Build.0 = Release|Any CPU
		{CBE9A8BC-A0DC-49A7-8E45-8BDC10D6D9DD}.Debug|Any CPU.ActiveCfg = Debug|Any CPU
		{CBE9A8BC-A0DC-49A7-8E45-8BDC10D6D9DD}.Debug|Any CPU.Build.0 = Debug|Any CPU
		{CBE9A8BC-A0DC-49A7-8E45-8BDC10D6D9DD}.Debug|x64.ActiveCfg = Debug|Any CPU
		{CBE9A8BC-A0DC-49A7-8E45-8BDC10D6D9DD}.Debug|x64.Build.0 = Debug|Any CPU
		{CBE9A8BC-A0DC-49A7-8E45-8BDC10D6D9DD}.Debug|x86.ActiveCfg = Debug|Any CPU
		{CBE9A8BC-A0DC-49A7-8E45-8BDC10D6D9DD}.Debug|x86.Build.0 = Debug|Any CPU
		{CBE9A8BC-A0DC-49A7-8E45-8BDC10D6D9DD}.Release|Any CPU.ActiveCfg = Release|Any CPU
		{CBE9A8BC-A0DC-49A7-8E45-8BDC10D6D9DD}.Release|Any CPU.Build.0 = Release|Any CPU
		{CBE9A8BC-A0DC-49A7-8E45-8BDC10D6D9DD}.Release|x64.ActiveCfg = Release|Any CPU
		{CBE9A8BC-A0DC-49A7-8E45-8BDC10D6D9DD}.Release|x64.Build.0 = Release|Any CPU
		{CBE9A8BC-A0DC-49A7-8E45-8BDC10D6D9DD}.Release|x86.ActiveCfg = Release|Any CPU
		{CBE9A8BC-A0DC-49A7-8E45-8BDC10D6D9DD}.Release|x86.Build.0 = Release|Any CPU
	EndGlobalSection
	GlobalSection(SolutionProperties) = preSolution
		HideSolutionNode = FALSE
	EndGlobalSection
	GlobalSection(NestedProjects) = preSolution
		{7A5E6675-7347-47F1-98F8-C8096D015224} = {827E0CD3-B72D-47B6-A68D-7590B98EB39B}
		{2E7081C0-4C6E-7E49-CCD0-DBC421D01276} = {827E0CD3-B72D-47B6-A68D-7590B98EB39B}
		{E13F36AB-4F2E-4FFC-9DBA-03E12BB13AE6} = {2E7081C0-4C6E-7E49-CCD0-DBC421D01276}
		{9955787F-3115-425D-B921-01EB49AABFE4} = {2E7081C0-4C6E-7E49-CCD0-DBC421D01276}
		{48E3C29E-FBC2-41D8-B7FC-0ADD39B00EB0} = {2E7081C0-4C6E-7E49-CCD0-DBC421D01276}
		{F17D632A-DA7F-3D6C-82B6-3E89B9D07421} = {827E0CD3-B72D-47B6-A68D-7590B98EB39B}
		{C6824BC8-BD5D-21EB-BD68-C55093095D4C} = {F17D632A-DA7F-3D6C-82B6-3E89B9D07421}
		{FC0C45B5-24A0-4158-8071-CB05C8F94FDE} = {C6824BC8-BD5D-21EB-BD68-C55093095D4C}
		{2D30BC50-E162-C724-D146-2DE849C68D62} = {F17D632A-DA7F-3D6C-82B6-3E89B9D07421}
		{76C30676-CB96-4A52-8DBB-0493D932AC7F} = {2D30BC50-E162-C724-D146-2DE849C68D62}
		{9C1A2F02-3C4A-8B19-1F55-307C8C0EB750} = {F17D632A-DA7F-3D6C-82B6-3E89B9D07421}
		{670E339B-0920-4807-86C3-5B0487362A7A} = {9C1A2F02-3C4A-8B19-1F55-307C8C0EB750}
		{CABDA183-59E9-B746-EE84-8B29C1DD3CC2} = {F17D632A-DA7F-3D6C-82B6-3E89B9D07421}
		{2736F8CD-ECA8-42CB-AD8E-4A8D65519DFA} = {CABDA183-59E9-B746-EE84-8B29C1DD3CC2}
		{2155B2EC-3CB1-42E7-95A9-D314BC016BDC} = {9C1A2F02-3C4A-8B19-1F55-307C8C0EB750}
		{CBE9A8BC-A0DC-49A7-8E45-8BDC10D6D9DD} = {9C1A2F02-3C4A-8B19-1F55-307C8C0EB750}
	EndGlobalSection
EndGlobal
